#MicroXplorer Configuration settings - do not modify
PF7.GPIOParameters=GPIO_Label
VP_TIM5_VS_ClockSourceINT.Mode=Internal
Dma.ADC3.0.FIFOMode=DMA_FIFOMODE_DISABLE
PB13.GPIOParameters=GPIO_Label
PF4.Mode=IN14
PD12.GPIO_Label=KL_DOWN
USART2.IPParameters=VirtualMode
PE11.GPIOParameters=GPIO_Label
NVIC.TIM6_DAC_IRQn=true\:5\:0\:false\:false\:true\:true\:true\:true
PG0.Locked=true
PG0.Signal=GPIO_Output
PD8.Locked=true
RCC.RTCFreq_Value=32000
ADC2.SamplingTime-4\#ChannelRegularConversion=ADC_SAMPLETIME_112CYCLES
VP_TIM8_VS_ClockSourceINT.Signal=TIM8_VS_ClockSourceINT
PA2.GPIOParameters=GPIO_Label
PG2.GPIOParameters=PinState,GPIO_Label
NVIC.SVCall_IRQn=true\:0\:0\:false\:false\:false\:false\:false\:false
USB_DEVICE.PID_CUSTOMHID_FS=4285
PG15.GPIO_Label=POUT_J
PF7.Signal=ADC3_IN5
ADC3.Rank-7\#ChannelRegularConversion=4
SPI1.Direction=SPI_DIRECTION_2LINES
RCC.APB2TimFreq_Value=120000000
PB6.Signal=GPIO_Output
Dma.ADC3.0.Direction=DMA_PERIPH_TO_MEMORY
SPI1.CalculateBaudRate=15.0 MBits/s
ADC3.ScanConvMode=ENABLE
PD8.Signal=USART3_TX
VP_TIM2_VS_ClockSourceINT.Signal=TIM2_VS_ClockSourceINT
PE1.Signal=GPIO_Output
PE14.Locked=true
USB_DEVICE.PRODUCT_STRING_CUSTOMHID_FS=Enrgan Diesel Generator Controller 
ProjectManager.ProjectBuild=false
NVIC.UsageFault_IRQn=true\:0\:0\:false\:false\:true\:false\:false\:false
PB3.Mode=Full_Duplex_Master
ADC1.ScanConvMode=ENABLE
PA8.Locked=true
PB12.GPIO_Label=LCD_CS
ADC3.Rank-12\#ChannelRegularConversion=9
ProjectManager.FirmwarePackage=STM32Cube FW_F2 V1.9.3
PF12.GPIO_Label=DIN_OFFSET
Dma.ADC2.1.Instance=DMA2_Stream2
ProjectManager.BackupPrevious=false
PC4.GPIO_Label=RMII_RXD0
PE9.Signal=GPIO_Output
PG12.GPIOParameters=GPIO_Label
PE9.Locked=true
ADC3.SamplingTime-5\#ChannelRegularConversion=ADC_SAMPLETIME_112CYCLES
PB1.GPIO_Label=AIN_GEN_PH1
NVIC.TIM2_IRQn=true\:5\:0\:false\:false\:true\:true\:true\:true
PE4.GPIO_Label=FPI_C
PG4.GPIO_Label=LED3
PF10.Locked=true
SH.ADCx_IN8.0=ADC2_IN8,IN8
PA8.Signal=GPIO_Input
PE1.Locked=true
PB6.Locked=true
ProjectManager.HalAssertFull=false
Mcu.Package=LQFP144
PB9.Signal=I2C1_SDA
PB1.Signal=ADCx_IN9
NVIC.TimeBase=TIM4_IRQn
SPI2.Mode=SPI_MODE_MASTER
PD12.Signal=GPIO_Input
USB_DEVICE.USBD_CUSTOM_HID_REPORT_DESC_SIZE-CUSTOM_HID_FS=38
ADC2.Channel-1\#ChannelRegularConversion=ADC_CHANNEL_6
ADC3.Rank-0\#ChannelRegularConversion=1
NVIC.TimeBaseIP=TIM4
USART3.IPParameters=VirtualMode
FREERTOS.FootprintOK=true
PE12.GPIO_Label=POUT_F
ADC3.DMAContinuousRequests=ENABLE
RCC.APB2CLKDivider=RCC_HCLK_DIV2
RCC.APB1TimFreq_Value=60000000
Dma.ADC3.0.Instance=DMA2_Stream1
USB_OTG_FS.IPParameters=VirtualMode
PB13.Mode=RMII
PE6.Locked=true
PD5.Locked=true
PA4.GPIO_Label=AIN_POW_PH1
PD15.Signal=GPIO_Input
ADC2.ScanConvMode=ENABLE
Dma.ADC1.2.Mode=DMA_NORMAL
PG12.Signal=GPIO_Output
PA6.GPIOParameters=GPIO_Label
PD6.GPIOParameters=GPIO_Label
Mcu.Pin80=PG15
Mcu.Pin81=PB3
ProjectManager.ProjectFileName=energan-emb.ioc
FREERTOS.Tasks01=defaultTask,24,128,StartDefaultTask,Default,NULL,Dynamic,NULL,NULL;netTask,8,448,vStartNetTask,As external,NULL,Dynamic,NULL,NULL;lcdTask,8,256,StartLcdTask,Default,NULL,Dynamic,NULL,NULL;usbTask,8,192,vStartUsbTask,As external,NULL,Dynamic,NULL,NULL;adcTask,24,403,StartADCTask,As external,NULL,Dynamic,NULL,NULL;keyboardTask,40,128,vKeyboardTask,As external,NULL,Dynamic,NULL,NULL
Mcu.Pin79=PG13
Mcu.PinsNb=103
TIM3.AutoReloadPreload=TIM_AUTORELOAD_PRELOAD_ENABLE
Mcu.Pin73=PD6
SH.ADCx_IN6.0=ADC2_IN6,IN6
Mcu.Pin74=PD7
Mcu.Pin71=PD4
Mcu.Pin72=PD5
PG5.Locked=true
PC13.Locked=true
Mcu.Pin77=PG11
Mcu.Pin78=PG12
PG5.Signal=GPXTI5
Mcu.Pin75=PG9
PC13.Signal=GPIO_Input
PG3.Locked=true
Mcu.Pin76=PG10
ADC3.Rank-6\#ChannelRegularConversion=3
Mcu.Pin70=PD1
PC2.Signal=ADCx_IN12
Mcu.Pin68=PA14
Mcu.Pin69=PA15
PB14.Locked=true
PC14-OSC32_IN.Signal=RCC_OSC32_IN
PD6.Mode=Asynchronous
Mcu.Pin62=PG7
Mcu.Pin63=PA8
Mcu.Pin60=PG5
Mcu.Pin61=PG6
Mcu.Pin66=PA12
Mcu.Pin67=PA13
Mcu.Pin64=PA9
Mcu.Pin65=PA11
PF8.GPIO_Label=AIN_NET_PH2
Dma.SPI2_TX.3.PeriphDataAlignment=DMA_PDATAALIGN_BYTE
ETH.IPParameters=MediaInterface,MACAddr,PhyAddress,PHY_SR,PHY_SPEED_STATUS,PHY_DUPLEX_STATUS
PC3.GPIOParameters=GPIO_Label
PB8.GPIO_Label=RTC_SCL
PA15.Locked=true
Dma.ADC1.2.MemInc=DMA_MINC_ENABLE
PA8.GPIO_Label=SDIO_CD
Mcu.Pin59=PG4
PG2.PinState=GPIO_PIN_SET
Mcu.Pin57=PG2
Mcu.Pin58=PG3
Mcu.Pin51=PD9
Mcu.Pin52=PD11
Mcu.Pin50=PD8
Mcu.Pin55=PD14
ADC3.SamplingTime-6\#ChannelRegularConversion=ADC_SAMPLETIME_112CYCLES
Mcu.Pin56=PD15
Mcu.Pin53=PD12
PE8.GPIO_Label=POUT_B
Mcu.Pin54=PD13
PB11.GPIOParameters=GPIO_Label
PB9.Locked=true
VP_TIM8_VS_ClockSourceINT.Mode=Internal
PD8.Mode=Asynchronous
Mcu.Pin48=PB14
Mcu.Pin49=PB15
Mcu.Pin46=PB12
Mcu.Pin47=PB13
PB14.Signal=SPI2_MISO
PG6.GPIOParameters=GPIO_Label
PA5.Signal=ADCx_IN5
Mcu.Pin40=PE12
PD7.PinState=GPIO_PIN_SET
Mcu.Pin41=PE13
Dma.ADC2.1.FIFOMode=DMA_FIFOMODE_DISABLE
PE13.GPIOParameters=GPIO_Label
Mcu.Pin44=PB10
Mcu.Pin45=PB11
Mcu.Pin42=PE14
Mcu.Pin43=PE15
PE1.GPIO_Label=RTC_RST
ADC2.Channel-2\#ChannelRegularConversion=ADC_CHANNEL_8
NVIC.TIM3_IRQn=true\:5\:0\:false\:false\:true\:true\:true\:true
PE14.Signal=GPIO_Output
ADC3.Channel-5\#ChannelRegularConversion=ADC_CHANNEL_6
USB_DEVICE.VID-CUSTOM_HID_FS=5840
Mcu.Pin37=PE9
PB4.GPIO_Label=EEPROM_MISO
Mcu.Pin38=PE10
Mcu.Pin35=PE7
PB15.GPIO_Label=LCD_MOSI
Mcu.Pin36=PE8
SPI1.Mode=SPI_MODE_MASTER
SH.ADCx_IN0.ConfNb=1
Mcu.Pin39=PE11
PG7.GPIO_Label=USB_DETECTED
PF4.GPIO_Label=AIN_INPOW
Mcu.Pin30=PC5
PA1.GPIO_Label=RMII_REF_CLK
Mcu.Pin33=PF12
SH.ADCx_IN12.ConfNb=1
Mcu.Pin34=PG0
Mcu.Pin31=PB0
SH.ADCx_IN4.0=ADC1_IN4,IN4
Mcu.Pin32=PB1
NVIC.NonMaskableInt_IRQn=true\:0\:0\:false\:false\:true\:false\:false\:false
Dma.ADC2.1.MemInc=DMA_MINC_ENABLE
TIM2.Period=1000
Dma.ADC3.0.PeriphDataAlignment=DMA_PDATAALIGN_HALFWORD
PF9.GPIOParameters=GPIO_Label
Mcu.Pin26=PA5
Mcu.Pin27=PA6
Mcu.Pin24=PA3
Dma.ADC1.2.Instance=DMA2_Stream0
Mcu.Pin25=PA4
ADC1.ExternalTrigConv=ADC_EXTERNALTRIGCONV_T2_TRGO
TIM8.Period=1000
Mcu.Pin28=PA7
Mcu.Pin29=PC4
PB4.Locked=true
PD14.GPIOParameters=GPIO_Label
Mcu.Pin22=PA1
ETH.MediaInterface=ETH_MEDIA_INTERFACE_RMII
Mcu.Pin23=PA2
Mcu.Pin20=PC3
ADC1.master=1
Mcu.Pin21=PA0-WKUP
PA5.GPIO_Label=AIN_GEN_N
ADC2.NbrOfConversionFlag=1
NVIC.ForceEnableDMAVector=true
TIM8.TIM_MasterOutputTrigger=TIM_TRGO_UPDATE
PA14.GPIOParameters=GPIO_Label
NVIC.MemoryManagement_IRQn=true\:0\:0\:false\:false\:true\:false\:false\:false
PE5.GPIO_Label=FPI_D
PD15.Locked=true
ProjectManager.HeapSize=0x200
Mcu.Pin15=PH0-OSC_IN
NVIC.HardFault_IRQn=true\:0\:0\:false\:false\:true\:false\:false\:false
Dma.ADC1.2.FIFOMode=DMA_FIFOMODE_DISABLE
Mcu.Pin16=PH1-OSC_OUT
Mcu.Pin13=PF9
Mcu.Pin14=PF10
VP_SYS_VS_tim4.Mode=TIM4
Mcu.Pin19=PC2
Mcu.Pin17=PC0
Mcu.Pin18=PC1
NVIC.PriorityGroup=NVIC_PRIORITYGROUP_4
Mcu.Pin11=PF7
ADC3.Channel-12\#ChannelRegularConversion=ADC_CHANNEL_10
PF0.GPIO_Label=ANALOG_SWITCH
Mcu.Pin12=PF8
PG0.GPIOParameters=GPIO_Label
Mcu.Pin10=PF6
TIM2.TIM_MasterSlaveMode=TIM_MASTERSLAVEMODE_DISABLE
PE3.Signal=GPIO_Input
SH.ADCx_IN5.ConfNb=1
PF4.Signal=ADC3_IN14
TIM12.IPParameters=Prescaler,Period
PC1.Mode=RMII
PG15.Locked=true
Mcu.Family=STM32F2
ProjectManager.MainLocation=Core/Src
ADC2.ExternalTrigConv=ADC_EXTERNALTRIGCONV_T8_TRGO
USB_DEVICE.CLASS_NAME_FS=CUSTOM_HID
FREERTOS.BinarySemaphores01=xLCDDelaySemph,Dynamic,NULL
PG9.GPIOParameters=GPIO_Label
ProjectManager.KeepUserCode=true
PG2.Signal=GPIO_Output
ADC3.Channel-11\#ChannelRegularConversion=ADC_CHANNEL_12
PE11.GPIO_Label=POUT_C
PG2.Locked=true
PF0.GPIOParameters=GPIO_Label
PA11.Mode=Device_Only
PD6.Locked=true
PB13.GPIO_Label=RMII_TXD1
PG5.GPIO_Label=VR_COUNT
PB15.Signal=SPI2_MOSI
ADC3.Channel-0\#ChannelRegularConversion=ADC_CHANNEL_5
PF12.GPIOParameters=GPIO_Label
PD9.Mode=Asynchronous
PG11.Signal=ETH_TX_EN
PG15.Signal=GPIO_Output
PB5.GPIOParameters=GPIO_Label
ADC3.Channel-6\#ChannelRegularConversion=ADC_CHANNEL_7
PD13.Signal=GPIO_Input
Mcu.IP4=ETH
Mcu.IP5=FREERTOS
RCC.FCLKCortexFreq_Value=120000000
PD13.Locked=true
Mcu.IP2=ADC3
Mcu.IP3=DMA
PA15.GPIO_Label=EEPROM_NSS
Mcu.IP0=ADC1
Mcu.IP1=ADC2
PE4.GPIOParameters=GPIO_Label
SH.ADCx_IN3.0=ADC1_IN3,IN3
ProjectManager.PreviousToolchain=
TIM3.Period=1000
RCC.VcooutputI2S=96000000
TIM2.ClockDivision=TIM_CLOCKDIVISION_DIV4
PA8.GPIOParameters=GPIO_Label
TIM7.Period=72
FREERTOS.IPParameters=Tasks01,FootprintOK,BinarySemaphores01,configTOTAL_HEAP_SIZE,configTIMER_TASK_PRIORITY
PD5.Mode=Asynchronous
TIM8.IPParameters=Period,ClockDivision,AutoReloadPreload,TIM_MasterSlaveMode,TIM_MasterOutputTrigger
PA0-WKUP.GPIOParameters=GPIO_Label
ADC1.Channel-0\#ChannelRegularConversion=ADC_CHANNEL_0
RCC.HSE_VALUE=8000000
NVIC.DebugMonitor_IRQn=true\:0\:0\:false\:false\:true\:false\:false\:false
Mcu.IP10=SPI1
NVIC.SysTick_IRQn=true\:15\:0\:false\:false\:false\:true\:false\:true
Mcu.IP12=SYS
Mcu.IP11=SPI2
Mcu.IP18=TIM8
Mcu.IP17=TIM7
Mcu.IP19=TIM11
Mcu.IP14=TIM3
PF9.Mode=IN7
Mcu.IP13=TIM2
Mcu.IP16=TIM6
Mcu.IP15=TIM5
RCC.VCOInputFreq_Value=1000000
PA14.Mode=Serial_Wire
PE8.Locked=true
PB5.Mode=Full_Duplex_Master
PE3.GPIOParameters=GPIO_Label
PE3.Locked=true
PB7.Signal=GPIO_Output
Mcu.IP21=TIM13
Mcu.IP20=TIM12
Dma.ADC2.1.PeriphInc=DMA_PINC_DISABLE
Mcu.IP23=USART3
VP_TIM12_VS_ClockSourceINT.Mode=Internal
Mcu.IP22=USART2
USB_DEVICE.CONFIGURATION_STRING_CUSTOMHID_FS=Energan
Mcu.IP25=USB_OTG_FS
Mcu.IP24=USB_DEVICE
PB6.GPIOParameters=GPIO_Label
FREERTOS.configTIMER_TASK_PRIORITY=55
PA13.GPIOParameters=GPIO_Label
PH1-OSC_OUT.Mode=HSE-External-Oscillator
PB7.GPIO_Label=POUT_I
PD13.GPIO_Label=KL_START
PA6.Signal=ADCx_IN6
PD5.GPIO_Label=RX485_TX
NVIC.OTG_FS_IRQn=true\:5\:0\:false\:false\:true\:true\:false\:true
ProjectManager.ToolChainLocation=
PA15.Signal=GPIO_Output
PG0.GPIO_Label=CHARG_ON
PF8.Signal=ADC3_IN6
ADC2.Rank-4\#ChannelRegularConversion=4
Mcu.Pin95=VP_TIM5_VS_ClockSourceINT
Mcu.Pin96=VP_TIM6_VS_ClockSourceINT
Mcu.Pin93=VP_TIM2_VS_ClockSourceINT
Mcu.Pin94=VP_TIM3_VS_ClockSourceINT
Mcu.Pin99=VP_TIM11_VS_ClockSourceINT
PB5.GPIO_Label=EEPROM_MOSI
Mcu.Pin97=VP_TIM7_VS_ClockSourceINT
ADC2.NbrOfConversion=4
Mcu.Pin98=VP_TIM8_VS_ClockSourceINT
Dma.Request2=ADC1
Dma.Request1=ADC2
LWIP.CHECKSUM_BY_HARDWARE=0
Dma.Request3=SPI2_TX
Mcu.Pin91=VP_LWIP_VS_Enabled
Mcu.Pin92=VP_SYS_VS_tim4
PG11.GPIO_Label=RMII_TX_EN
PC5.Signal=ETH_RXD1
Mcu.Pin90=VP_FREERTOS_VS_CMSIS_V2
PE7.Signal=GPIO_Output
PD6.Signal=USART2_RX
Dma.Request0=ADC3
PE2.GPIO_Label=FPI_A
PE12.Locked=true
VP_TIM3_VS_ClockSourceINT.Mode=Internal
PC14-OSC32_IN.Locked=true
Mcu.Pin84=PB6
Dma.SPI2_TX.3.Direction=DMA_MEMORY_TO_PERIPH
Mcu.Pin85=PB7
PB15.Locked=true
PB4.Signal=SPI1_MISO
Mcu.Pin82=PB4
PG2.GPIO_Label=LED1
Mcu.Pin83=PB5
PA3.Signal=ADCx_IN3
Mcu.Pin88=PE0
Mcu.Pin89=PE1
Mcu.Pin86=PB8
Mcu.Pin87=PB9
SH.ADCx_IN13.0=ADC3_IN13,IN13
PD15.GPIO_Label=KL_STOP
PG7.Locked=true
PB8.GPIOParameters=GPIO_Label
PG7.Signal=GPIO_Input
PE14.GPIOParameters=GPIO_Label
Dma.SPI2_TX.3.MemDataAlignment=DMA_MDATAALIGN_BYTE
NVIC.SavedSvcallIrqHandlerGenerated=true
TIM6.Prescaler=30001
VP_TIM6_VS_ClockSourceINT.Mode=Enable_Timer
ProjectManager.DefaultFWLocation=true
PE14.GPIO_Label=POUT_E
PD9.Signal=USART3_RX
ADC3.SamplingTime-10\#ChannelRegularConversion=ADC_SAMPLETIME_112CYCLES
PB12.Locked=true
ProjectManager.DeletePrevious=true
PB10.Locked=true
USB_DEVICE.IPParameters=VirtualMode-CUSTOM_HID_FS,VirtualModeFS,CLASS_NAME_FS,MANUFACTURER_STRING-CUSTOM_HID_FS,PRODUCT_STRING_CUSTOMHID_FS,USBD_CUSTOMHID_OUTREPORT_BUF_SIZE-CUSTOM_HID_FS,USBD_CUSTOM_HID_REPORT_DESC_SIZE-CUSTOM_HID_FS,INTERFACE_STRING_CUSTOMHID_FS,CONFIGURATION_STRING_CUSTOMHID_FS,VID-CUSTOM_HID_FS,PID_CUSTOMHID_FS
PF5.Mode=IN15
RCC.FamilyName=M
PE15.GPIOParameters=GPIO_Label
PB9.GPIOParameters=GPIO_Label
PA13.Signal=SYS_JTMS-SWDIO
PA9.Mode=Activate_VBUS
ADC3.SamplingTime-0\#ChannelRegularConversion=ADC_SAMPLETIME_112CYCLES
TIM6.IPParameters=Prescaler,Period
PF6.Signal=ADC3_IN4
PB10.GPIO_Label=LCD_SCK
NVIC.TIM8_BRK_TIM12_IRQn=true\:5\:0\:false\:false\:true\:true\:true\:true
PB7.GPIOParameters=GPIO_Label
ETH.PHY_DUPLEX_STATUS=0x0010
PC5.GPIOParameters=GPIO_Label
PB9.Mode=I2C
SPI2.IPParameters=VirtualType,Mode,Direction,CalculateBaudRate,BaudRatePrescaler,CLKPolarity,CLKPhase
PE2.GPIOParameters=GPIO_Label
PG10.GPIOParameters=GPIO_Label
PE0.Locked=true
PF9.GPIO_Label=AIN_NET_PH1
VP_TIM3_VS_ClockSourceINT.Signal=TIM3_VS_ClockSourceINT
PA1.Signal=ETH_REF_CLK
RCC.VCOI2SOutputFreq_Value=192000000
TIM7.Prescaler=60
board=custom
RCC.VCOOutputFreq_Value=240000000
PB15.Mode=Simplex_Bidirectional_Master
ETH.PHY_SR=0x1F
PG3.PinState=GPIO_PIN_SET
MxCube.Version=6.2.1
PC1.GPIO_Label=RMII_MDC
PD4.GPIOParameters=GPIO_Label
ADC3.SamplingTime-8\#ChannelRegularConversion=ADC_SAMPLETIME_112CYCLES
PE5.Locked=true
ADC2.SamplingTime-3\#ChannelRegularConversion=ADC_SAMPLETIME_112CYCLES
ADC1.NbrOfConversion=3
RCC.IPParameters=48MHZClocksFreq_Value,AHBFreq_Value,APB1CLKDivider,APB1Freq_Value,APB1TimFreq_Value,APB2CLKDivider,APB2Freq_Value,APB2TimFreq_Value,CortexFreq_Value,EthernetFreq_Value,FCLKCortexFreq_Value,FamilyName,HCLKFreq_Value,HSE_VALUE,HSI_VALUE,I2SClocksFreq_Value,LSE_VALUE,LSI_VALUE,MCO2PinFreq_Value,PLLCLKFreq_Value,PLLM,PLLN,PLLQ,PLLSourceVirtual,RTCFreq_Value,RTCHSEDivFreq_Value,SYSCLKFreq_VALUE,SYSCLKSource,VCOI2SOutputFreq_Value,VCOInputFreq_Value,VCOOutputFreq_Value,VcooutputI2S
ProjectManager.AskForMigrate=true
PE0.Signal=GPIO_Output
PE7.GPIO_Label=POUT_A
PE12.Signal=GPIO_Output
NVIC.SavedPendsvIrqHandlerGenerated=true
Mcu.IP8=NVIC
Mcu.IP9=RCC
Mcu.IP6=I2C1
Mcu.IP7=LWIP
ProjectManager.CoupleFile=false
RCC.48MHZClocksFreq_Value=48000000
RCC.SYSCLKFreq_VALUE=120000000
KeepUserPlacement=false
TIM5.Prescaler=30001
USART3.VirtualMode=VM_ASYNC
NVIC.EXTI9_5_IRQn=true\:5\:0\:false\:false\:true\:true\:true\:true
RCC.HSI_VALUE=16000000
Dma.ADC3.0.RequestParameters=Instance,Direction,PeriphInc,MemInc,PeriphDataAlignment,MemDataAlignment,Mode,Priority,FIFOMode
RCC.PLLQ=5
RCC.PLLM=8
RCC.PLLN=240
ADC3.Rank-11\#ChannelRegularConversion=8
PB7.Locked=true
ADC2.Rank-1\#ChannelRegularConversion=1
PA2.Mode=RMII
TIM5.Period=201
PD9.Locked=true
ADC3.NbrOfConversionFlag=1
ADC2.Channel-4\#ChannelRegularConversion=ADC_CHANNEL_5
PB12.Signal=GPIO_Output
PG11.GPIOParameters=GPIO_Label
PE1.GPIOParameters=GPIO_Label
PA3.GPIO_Label=AIN_POW_PH2
PH0-OSC_IN.Locked=true
PH0-OSC_IN.Signal=RCC_OSC_IN
Dma.ADC3.0.Priority=DMA_PRIORITY_LOW
TIM8.ClockDivision=TIM_CLOCKDIVISION_DIV4
SPI1.VirtualType=VM_MASTER
ADC2.SamplingTime-1\#ChannelRegularConversion=ADC_SAMPLETIME_112CYCLES
SPI2.VirtualType=VM_MASTER
PB10.Mode=Simplex_Bidirectional_Master
VP_TIM5_VS_ClockSourceINT.Signal=TIM5_VS_ClockSourceINT
PG4.Signal=GPIO_Output
PG4.Locked=true
RCC.PLLCLKFreq_Value=120000000
PB14.GPIO_Label=LCD_MISO
PG6.GPIO_Label=USB_ENB
PA14.GPIO_Label=SWCLK
PG3.GPIOParameters=PinState,GPIO_Label
VP_USB_DEVICE_VS_USB_DEVICE_CUSTOM_HID_FS.Mode=CUSTOM_HID_FS
PA3.GPIOParameters=GPIO_Label
PA6.GPIO_Label=AIN_GEN_PH3
PB6.GPIO_Label=POUT_IJ_CS
PD4.Locked=true
PC5.Mode=RMII
PB13.Signal=ETH_TXD1
PD6.GPIO_Label=RS485_RX
PG13.Signal=ETH_TXD0
PinOutPanel.RotationAngle=0
PF6.GPIO_Label=AIN_NET_N
PE6.GPIO_Label=POUT_AB_CS
RCC.SYSCLKSource=RCC_SYSCLKSOURCE_PLLCLK
ADC3.Channel-8\#ChannelRegularConversion=ADC_CHANNEL_14
PD15.GPIOParameters=GPIO_Label
LWIP.IPParameters=CHECKSUM_BY_HARDWARE
NVIC.TIM5_IRQn=true\:5\:0\:false\:false\:true\:true\:true\:true
TIM2.IPParameters=Period,ClockDivision,TIM_MasterSlaveMode,TIM_MasterOutputTrigger
PD4.Signal=GPIO_Output
ADC1.Channel-2\#ChannelRegularConversion=ADC_CHANNEL_4
PC3.Signal=ADCx_IN13
PE5.Signal=GPIO_Input
PE10.Locked=true
Dma.ADC3.0.PeriphInc=DMA_PINC_DISABLE
TIM12.Period=201
ADC3.ExternalTrigConv=ADC_EXTERNALTRIGCONV_T3_TRGO
MxDb.Version=DB.6.0.21
PB0.GPIOParameters=GPIO_Label
PE15.Locked=true
PE0.GPIOParameters=GPIO_Label
PA1.GPIOParameters=GPIO_Label
Dma.ADC1.2.MemDataAlignment=DMA_MDATAALIGN_HALFWORD
SPI2.CalculateBaudRate=468.75 KBits/s
PH1-OSC_OUT.Locked=true
ADC3.IPParameters=Rank-0\#ChannelRegularConversion,Channel-0\#ChannelRegularConversion,SamplingTime-0\#ChannelRegularConversion,NbrOfConversionFlag,ScanConvMode,NbrOfConversion,ExternalTrigConv,InjNumberOfConversion,DMAContinuousRequests,Rank-5\#ChannelRegularConversion,Channel-5\#ChannelRegularConversion,SamplingTime-5\#ChannelRegularConversion,Rank-6\#ChannelRegularConversion,Channel-6\#ChannelRegularConversion,SamplingTime-6\#ChannelRegularConversion,Rank-7\#ChannelRegularConversion,Channel-7\#ChannelRegularConversion,SamplingTime-7\#ChannelRegularConversion,Rank-8\#ChannelRegularConversion,Channel-8\#ChannelRegularConversion,SamplingTime-8\#ChannelRegularConversion,Rank-9\#ChannelRegularConversion,Channel-9\#ChannelRegularConversion,SamplingTime-9\#ChannelRegularConversion,Rank-10\#ChannelRegularConversion,Channel-10\#ChannelRegularConversion,SamplingTime-10\#ChannelRegularConversion,Rank-11\#ChannelRegularConversion,Channel-11\#ChannelRegularConversion,SamplingTime-11\#ChannelRegularConversion,Rank-12\#ChannelRegularConversion,Channel-12\#ChannelRegularConversion,SamplingTime-12\#ChannelRegularConversion
Dma.ADC1.2.Direction=DMA_PERIPH_TO_MEMORY
PE2.Signal=GPIO_Input
PF8.Mode=IN6
SH.ADCx_IN4.ConfNb=1
ADC3.SamplingTime-9\#ChannelRegularConversion=ADC_SAMPLETIME_112CYCLES
NVIC.PendSV_IRQn=true\:15\:0\:false\:false\:false\:true\:false\:false
PE10.Signal=GPIO_Output
ADC1.SamplingTime-0\#ChannelRegularConversion=ADC_SAMPLETIME_112CYCLES
RCC.MCO2PinFreq_Value=120000000
PF8.GPIOParameters=GPIO_Label
ADC3.SamplingTime-12\#ChannelRegularConversion=ADC_SAMPLETIME_112CYCLES
PD11.Locked=true
PG13.GPIOParameters=GPIO_Label
PG5.GPIOParameters=GPIO_Label
PE10.GPIOParameters=GPIO_Label
PD5.GPIOParameters=GPIO_Label
VP_TIM11_VS_ClockSourceINT.Signal=TIM11_VS_ClockSourceINT
PA5.GPIOParameters=GPIO_Label
SH.ADCx_IN9.0=ADC2_IN9,IN9
PB14.GPIOParameters=GPIO_Label
NVIC.DMA2_Stream2_IRQn=true\:5\:0\:false\:false\:true\:true\:false\:true
NVIC.BusFault_IRQn=true\:0\:0\:false\:false\:true\:false\:false\:false
ADC2.Rank-2\#ChannelRegularConversion=2
SH.ADCx_IN9.ConfNb=1
PB10.GPIOParameters=GPIO_Label
PE10.GPIO_Label=POUT_CD_CS
Dma.ADC2.1.PeriphDataAlignment=DMA_PDATAALIGN_HALFWORD
ProjectManager.CustomerFirmwarePackage=
PC4.GPIOParameters=GPIO_Label
PF4.GPIOParameters=GPIO_Label
PC4.Mode=RMII
Dma.SPI2_TX.3.MemInc=DMA_MINC_ENABLE
VP_USB_DEVICE_VS_USB_DEVICE_CUSTOM_HID_FS.Signal=USB_DEVICE_VS_USB_DEVICE_CUSTOM_HID_FS
ADC1.Rank-0\#ChannelRegularConversion=1
TIM5.IPParameters=Prescaler,Period
PA15.GPIOParameters=GPIO_Label
ADC3.Rank-10\#ChannelRegularConversion=7
ADC1.IPParameters=Rank-0\#ChannelRegularConversion,master,Channel-0\#ChannelRegularConversion,SamplingTime-0\#ChannelRegularConversion,NbrOfConversionFlag,ScanConvMode,ExternalTrigConv,DMAContinuousRequests,Rank-1\#ChannelRegularConversion,Channel-1\#ChannelRegularConversion,SamplingTime-1\#ChannelRegularConversion,Rank-2\#ChannelRegularConversion,Channel-2\#ChannelRegularConversion,SamplingTime-2\#ChannelRegularConversion,NbrOfConversion,ClockPrescaler
PG9.Locked=true
ADC2.Rank-3\#ChannelRegularConversion=3
PG9.Signal=GPIO_Output
ETH.MACAddr=00\:10\:FA\:6E\:38\:4A
PB11.GPIO_Label=LCD_LED
PD13.GPIOParameters=GPIO_Label
PD7.Signal=GPIO_Output
PD1.Signal=CAN1_TX
NVIC.DMA2_Stream1_IRQn=true\:5\:0\:false\:false\:true\:true\:false\:true
TIM8.TIM_MasterSlaveMode=TIM_MASTERSLAVEMODE_DISABLE
PC0.Signal=ADCx_IN10
RCC.APB1CLKDivider=RCC_HCLK_DIV4
USB_DEVICE.MANUFACTURER_STRING-CUSTOM_HID_FS=Energan
PG13.GPIO_Label=RMII_TXD0
PA0-WKUP.GPIO_Label=AIN_POW_PH3
PA0-WKUP.Signal=ADCx_IN0
PG10.Signal=GPIO_Output
PG10.Locked=true
VP_TIM6_VS_ClockSourceINT.Signal=TIM6_VS_ClockSourceINT
ADC2.IPParameters=Rank-1\#ChannelRegularConversion,Channel-1\#ChannelRegularConversion,SamplingTime-1\#ChannelRegularConversion,NbrOfConversionFlag,ScanConvMode,ExternalTrigConv,Rank-2\#ChannelRegularConversion,Channel-2\#ChannelRegularConversion,SamplingTime-2\#ChannelRegularConversion,Rank-3\#ChannelRegularConversion,Channel-3\#ChannelRegularConversion,SamplingTime-3\#ChannelRegularConversion,Rank-4\#ChannelRegularConversion,Channel-4\#ChannelRegularConversion,SamplingTime-4\#ChannelRegularConversion,NbrOfConversion,DMAContinuousRequests
PA9.Signal=USB_OTG_FS_VBUS
PB5.Locked=true
Dma.ADC1.2.RequestParameters=Instance,Direction,PeriphInc,MemInc,PeriphDataAlignment,MemDataAlignment,Mode,Priority,FIFOMode
Dma.SPI2_TX.3.Mode=DMA_NORMAL
ADC3.NbrOfConversion=9
PD7.Locked=true
PE9.GPIO_Label=POUT_D
PB10.Signal=SPI2_SCK
ADC3.Rank-9\#ChannelRegularConversion=6
TIM12.Prescaler=30001
TIM8.AutoReloadPreload=TIM_AUTORELOAD_PRELOAD_ENABLE
ProjectManager.LastFirmware=true
VP_TIM13_VS_ClockSourceINT.Mode=Enable_Timer
Dma.SPI2_TX.3.Instance=DMA1_Stream4
PA1.Mode=RMII
PE15.Signal=GPIO_Output
PE8.Signal=GPIO_Output
VP_TIM12_VS_ClockSourceINT.Signal=TIM12_VS_ClockSourceINT
PC2.GPIOParameters=GPIO_Label
RCC.EthernetFreq_Value=120000000
PF12.Locked=true
TIM3.IPParameters=Period,ClockDivision,AutoReloadPreload,TIM_MasterOutputTrigger
ADC1.DMAContinuousRequests=ENABLE
ADC3.Rank-5\#ChannelRegularConversion=2
PE7.Locked=true
PA13.Mode=Serial_Wire
ProjectManager.FreePins=false
RCC.RTCHSEDivFreq_Value=4000000
ProjectManager.UnderRoot=true
PE13.Locked=true
PA4.Signal=ADCx_IN4
ADC1.SamplingTime-1\#ChannelRegularConversion=ADC_SAMPLETIME_112CYCLES
Dma.ADC2.1.Direction=DMA_PERIPH_TO_MEMORY
PB5.Signal=SPI1_MOSI
PG15.GPIOParameters=GPIO_Label
PE13.GPIO_Label=POUT_EF_CS
PD11.Signal=GPIO_Input
ProjectManager.CompilerOptimize=6
ADC1.Rank-1\#ChannelRegularConversion=2
PG11.Mode=RMII
PA11.Signal=USB_OTG_FS_DM
LWIP.Version=v2.0.3_Cube
Dma.ADC3.0.Mode=DMA_NORMAL
PF6.Mode=IN4
ProjectManager.ComputerToolchain=false
PF9.Signal=ADC3_IN7
NVIC.TIM8_UP_TIM13_IRQn=true\:5\:0\:false\:false\:true\:true\:true\:true
SH.ADCx_IN5.0=ADC2_IN5,IN5
PB8.Mode=I2C
PE2.Locked=true
Dma.SPI2_TX.3.PeriphInc=DMA_PINC_DISABLE
PC3.GPIO_Label=AIN_COM
Dma.SPI2_TX.3.FIFOMode=DMA_FIFOMODE_DISABLE
PE12.GPIOParameters=GPIO_Label
PG3.GPIO_Label=LED2
PD1.Locked=true
PB0.Signal=ADCx_IN8
PA7.GPIOParameters=GPIO_Label
PC1.Signal=ETH_MDC
PB12.GPIOParameters=GPIO_Label
PG7.GPIOParameters=GPIO_Label
PD7.GPIOParameters=PinState,GPIO_Label
PG10.GPIO_Label=POUT_G
Mcu.Pin101=VP_TIM13_VS_ClockSourceINT
Mcu.Pin102=VP_USB_DEVICE_VS_USB_DEVICE_CUSTOM_HID_FS
Mcu.Pin100=VP_TIM12_VS_ClockSourceINT
RCC.CortexFreq_Value=120000000
PG6.Signal=GPIO_Output
Mcu.UserName=STM32F217ZGTx
ADC3.SamplingTime-7\#ChannelRegularConversion=ADC_SAMPLETIME_112CYCLES
PG6.Locked=true
ADC3.SamplingTime-11\#ChannelRegularConversion=ADC_SAMPLETIME_112CYCLES
ProjectManager.functionlistsort=1-MX_GPIO_Init-GPIO-false-HAL-true,2-MX_DMA_Init-DMA-false-HAL-true,3-SystemClock_Config-RCC-false-HAL-false,4-MX_ADC3_Init-ADC3-false-HAL-true,5-MX_I2C1_Init-I2C1-false-HAL-true,6-MX_SPI1_Init-SPI1-false-HAL-true,7-MX_USART2_UART_Init-USART2-false-HAL-true,8-MX_USART3_UART_Init-USART3-false-HAL-true,9-MX_SPI2_Init-SPI2-false-HAL-true,10-MX_TIM2_Init-TIM2-false-HAL-true,11-MX_TIM3_Init-TIM3-false-HAL-true,12-MX_TIM5_Init-TIM5-false-HAL-true,13-MX_TIM6_Init-TIM6-false-HAL-true,14-MX_TIM7_Init-TIM7-false-HAL-true,15-MX_TIM11_Init-TIM11-false-HAL-true,16-MX_TIM12_Init-TIM12-false-HAL-true,17-MX_TIM13_Init-TIM13-false-HAL-true,18-MX_LWIP_Init-LWIP-false-HAL-false,19-MX_USB_DEVICE_Init-USB_DEVICE-false-HAL-false,20-MX_ADC2_Init-ADC2-false-HAL-true,21-MX_ADC1_Init-ADC1-false-HAL-true,22-MX_TIM8_Init-TIM8-false-HAL-true
PC0.GPIOParameters=GPIO_Label
PC0.GPIO_Label=AIN_CHARG_ALTER
PB0.GPIO_Label=AIN_GEN_PH2
PC13.GPIO_Label=BTN
PB11.Signal=GPIO_Output
NVIC.DMA1_Stream4_IRQn=true\:5\:0\:false\:false\:true\:true\:false\:true
PE5.GPIOParameters=GPIO_Label
ProjectManager.StackSize=0x400
VP_FREERTOS_VS_CMSIS_V2.Mode=CMSIS_V2
VP_TIM7_VS_ClockSourceINT.Mode=Enable_Timer
PB4.GPIOParameters=GPIO_Label
PA12.Signal=USB_OTG_FS_DP
SPI2.CLKPolarity=SPI_POLARITY_HIGH
Mcu.UserConstants=
ADC2.DMAContinuousRequests=ENABLE
PC1.GPIOParameters=GPIO_Label
Mcu.ThirdPartyNb=0
PD11.GPIO_Label=KL_UP
RCC.HCLKFreq_Value=120000000
Mcu.IPNb=26
RCC.I2SClocksFreq_Value=96000000
PF12.Signal=GPIO_Output
SH.ADCx_IN3.ConfNb=1
Mcu.Pin6=PC14-OSC32_IN
Mcu.Pin7=PF0
Dma.SPI2_TX.3.Priority=DMA_PRIORITY_LOW
NVIC.DMA2_Stream0_IRQn=true\:5\:0\:false\:false\:true\:true\:false\:true
Mcu.Pin8=PF4
Mcu.Pin9=PF5
Dma.ADC3.0.MemDataAlignment=DMA_MDATAALIGN_HALFWORD
RCC.AHBFreq_Value=120000000
SPI2.BaudRatePrescaler=SPI_BAUDRATEPRESCALER_64
PH0-OSC_IN.Mode=HSE-External-Oscillator
Mcu.Pin0=PE2
Dma.SPI2_TX.3.RequestParameters=Instance,Direction,PeriphInc,MemInc,PeriphDataAlignment,MemDataAlignment,Mode,Priority,FIFOMode
NVIC.ETH_IRQn=true\:5\:0\:false\:false\:true\:true\:false\:true
Mcu.Pin1=PE3
GPIO.groupedBy=Group By Peripherals
Mcu.Pin2=PE4
Mcu.Pin3=PE5
TIM3.ClockDivision=TIM_CLOCKDIVISION_DIV4
Mcu.Pin4=PE6
Mcu.Pin5=PC13
ADC3.InjNumberOfConversion=0
ADC1.Rank-2\#ChannelRegularConversion=3
VP_TIM7_VS_ClockSourceINT.Signal=TIM7_VS_ClockSourceINT
ADC3.Channel-9\#ChannelRegularConversion=ADC_CHANNEL_15
PB4.Mode=Full_Duplex_Master
PE13.Signal=GPIO_Output
ADC3.Rank-8\#ChannelRegularConversion=5
PF7.GPIO_Label=AIN_NET_PH3
File.Version=6
SH.ADCx_IN13.ConfNb=1
PB3.GPIOParameters=GPIO_Label
Dma.ADC3.0.MemInc=DMA_MINC_ENABLE
PB8.Locked=true
PG13.Mode=RMII
SH.ADCx_IN0.0=ADC1_IN0,IN0
TIM6.Period=2001
SH.ADCx_IN6.ConfNb=1
PE4.Signal=GPIO_Input
PE6.GPIOParameters=GPIO_Label
Dma.RequestsNb=4
FREERTOS.configTOTAL_HEAP_SIZE=30720
ProjectManager.ProjectName=energan-emb
PD7.GPIO_Label=LED_SYS
Dma.ADC2.1.RequestParameters=Instance,Direction,PeriphInc,MemInc,PeriphDataAlignment,MemDataAlignment,Mode,Priority,FIFOMode
PG4.PinState=GPIO_PIN_SET
USART2.VirtualMode=VM_ASYNC
PA2.GPIO_Label=RMII_MDIO
PD14.Locked=true
RCC.LSI_VALUE=32000
PF5.GPIO_Label=AIN_DIN_SM
SH.GPXTI5.ConfNb=1
USB_OTG_FS.VirtualMode=Device_Only
VP_TIM13_VS_ClockSourceINT.Signal=TIM13_VS_ClockSourceINT
USB_DEVICE.USBD_CUSTOMHID_OUTREPORT_BUF_SIZE-CUSTOM_HID_FS=64
SPI2.CLKPhase=SPI_PHASE_2EDGE
PE0.GPIO_Label=RTC_INT
PF5.Signal=ADC3_IN15
TIM2.TIM_MasterOutputTrigger=TIM_TRGO_UPDATE
ADC2.SamplingTime-2\#ChannelRegularConversion=ADC_SAMPLETIME_112CYCLES
SPI2.Direction=SPI_DIRECTION_1LINE
PF0.Signal=GPIO_Output
SPI1.BaudRatePrescaler=SPI_BAUDRATEPRESCALER_4
PC2.GPIO_Label=AIN_OILPRES_COOLTEMP
NVIC.TIM7_IRQn=true\:5\:0\:false\:false\:true\:true\:true\:true
ETH.PHY_SPEED_STATUS=0x0004
VP_LWIP_VS_Enabled.Signal=LWIP_VS_Enabled
ADC2.Channel-3\#ChannelRegularConversion=ADC_CHANNEL_9
PB3.Locked=true
PB3.GPIO_Label=EEPROM_SCK
ADC3.Channel-7\#ChannelRegularConversion=ADC_CHANNEL_4
RCC.PLLSourceVirtual=RCC_PLLSOURCE_HSE
SH.GPXTI5.0=GPIO_EXTI5
PE8.GPIOParameters=GPIO_Label
PA7.Mode=RMII
USB_DEVICE.INTERFACE_STRING_CUSTOMHID_FS=Energan IO Interface
PB9.GPIO_Label=RTC_SDA
ProjectManager.NoMain=false
SPI1.IPParameters=VirtualType,Mode,Direction,CalculateBaudRate,BaudRatePrescaler
USB_DEVICE.VirtualModeFS=Custom_Hid_FS
PG3.Signal=GPIO_Output
Dma.ADC1.2.PeriphDataAlignment=DMA_PDATAALIGN_HALFWORD
PC4.Signal=ETH_RXD0
PD5.Signal=USART2_TX
ETH.PhyAddress=0
NVIC.USART2_IRQn=true\:5\:0\:false\:false\:true\:true\:true\:true
ADC1.SamplingTime-2\#ChannelRegularConversion=ADC_SAMPLETIME_112CYCLES
VP_LWIP_VS_Enabled.Mode=Enabled
VP_TIM11_VS_ClockSourceINT.Mode=Enable_Timer
PE9.GPIOParameters=GPIO_Label
PD12.Locked=true
PF7.Mode=IN5
SH.ADCx_IN12.0=ADC3_IN12,IN12
PE15.GPIO_Label=LCD_RST
PD12.GPIOParameters=GPIO_Label
ProjectManager.TargetToolchain=STM32CubeIDE
PE7.GPIOParameters=GPIO_Label
ADC1.Channel-1\#ChannelRegularConversion=ADC_CHANNEL_3
PE4.Locked=true
ProjectManager.RegisterCallBack=
PF5.GPIOParameters=GPIO_Label
PE11.Signal=GPIO_Output
Dma.ADC2.1.Mode=DMA_NORMAL
RCC.LSE_VALUE=32768
PG9.GPIO_Label=POUT_GH_CS
PD11.GPIOParameters=GPIO_Label
VP_SYS_VS_tim4.Signal=SYS_VS_tim4
NVIC.SavedSystickIrqHandlerGenerated=true
RCC.APB2Freq_Value=60000000
TIM7.IPParameters=Prescaler,Period
PG4.GPIOParameters=PinState,GPIO_Label
VP_TIM2_VS_ClockSourceINT.Mode=Internal
PC13.GPIOParameters=GPIO_Label
PD4.GPIO_Label=RS485_DE
PF10.Signal=ADC3_IN8
SH.ADCx_IN10.ConfNb=1
PH1-OSC_OUT.Signal=RCC_OSC_OUT
PD14.GPIO_Label=KL_AUTO
PA4.GPIOParameters=GPIO_Label
PF0.Locked=true
SH.ADCx_IN8.ConfNb=1
PE6.Signal=GPIO_Output
PB15.GPIOParameters=GPIO_Label
PE11.Locked=true
Mcu.Name=STM32F217Z(E-G)Tx
PA2.Signal=ETH_MDIO
PA13.GPIO_Label=SWDIO
VP_FREERTOS_VS_CMSIS_V2.Signal=FREERTOS_VS_CMSIS_V2
PD14.Signal=GPIO_Input
PB3.Signal=SPI1_SCK
Dma.ADC1.2.Priority=DMA_PRIORITY_LOW
PA7.GPIO_Label=RMII_CRS_DV
PA12.Mode=Device_Only
Dma.ADC1.2.PeriphInc=DMA_PINC_DISABLE
PG12.Locked=true
USB_DEVICE.VirtualMode-CUSTOM_HID_FS=CustomHid
PC5.GPIO_Label=RMII_RXD1
PA14.Signal=SYS_JTCK-SWCLK
SH.ADCx_IN10.0=ADC3_IN10,IN10
ADC3.Channel-10\#ChannelRegularConversion=ADC_CHANNEL_13
PF6.GPIOParameters=GPIO_Label
PG12.GPIO_Label=POUT_H
ADC1.NbrOfConversionFlag=1
Dma.ADC2.1.MemDataAlignment=DMA_MDATAALIGN_HALFWORD
PB8.Signal=I2C1_SCL
PE3.GPIO_Label=FPI_B
Dma.ADC2.1.Priority=DMA_PRIORITY_LOW
TIM3.TIM_MasterOutputTrigger=TIM_TRGO_UPDATE
NVIC.TIM4_IRQn=true\:0\:0\:false\:false\:true\:false\:false\:true
RCC.APB1Freq_Value=30000000
ADC1.ClockPrescaler=ADC_CLOCK_SYNC_PCLK_DIV2
PB11.Locked=true
ProjectManager.DeviceId=STM32F217ZGTx
ProjectManager.LibraryCopy=1
PB1.GPIOParameters=GPIO_Label
PA7.Signal=ETH_CRS_DV
isbadioc=false
