#MicroXplorer Configuration settings - do not modify
ADC1.Channel-0\#ChannelRegularConversion=ADC_CHANNEL_0
ADC1.Channel-1\#ChannelRegularConversion=ADC_CHANNEL_3
ADC1.Channel-2\#ChannelRegularConversion=ADC_CHANNEL_4
ADC1.ClockPrescaler=ADC_CLOCK_SYNC_PCLK_DIV2
ADC1.DMAContinuousRequests=ENABLE
ADC1.ExternalTrigConv=ADC_EXTERNALTRIGCONV_T2_TRGO
ADC1.IPParameters=Rank-0\#ChannelRegularConversion,master,Channel-0\#ChannelRegularConversion,SamplingTime-0\#ChannelRegularConversion,NbrOfConversionFlag,ScanConvMode,ExternalTrigConv,DMAContinuousRequests,Rank-1\#ChannelRegularConversion,Channel-1\#ChannelRegularConversion,SamplingTime-1\#ChannelRegularConversion,Rank-2\#ChannelRegularConversion,Channel-2\#ChannelRegularConversion,SamplingTime-2\#ChannelRegularConversion,NbrOfConversion,ClockPrescaler
ADC1.NbrOfConversion=3
ADC1.NbrOfConversionFlag=1
ADC1.Rank-0\#ChannelRegularConversion=1
ADC1.Rank-1\#ChannelRegularConversion=2
ADC1.Rank-2\#ChannelRegularConversion=3
ADC1.SamplingTime-0\#ChannelRegularConversion=ADC_SAMPLETIME_112CYCLES
ADC1.SamplingTime-1\#ChannelRegularConversion=ADC_SAMPLETIME_112CYCLES
ADC1.SamplingTime-2\#ChannelRegularConversion=ADC_SAMPLETIME_112CYCLES
ADC1.ScanConvMode=ENABLE
ADC1.master=1
ADC2.Channel-1\#ChannelRegularConversion=ADC_CHANNEL_6
ADC2.Channel-2\#ChannelRegularConversion=ADC_CHANNEL_8
ADC2.Channel-3\#ChannelRegularConversion=ADC_CHANNEL_9
ADC2.Channel-4\#ChannelRegularConversion=ADC_CHANNEL_5
ADC2.DMAContinuousRequests=ENABLE
ADC2.ExternalTrigConv=ADC_EXTERNALTRIGCONV_T8_TRGO
ADC2.IPParameters=Rank-1\#ChannelRegularConversion,Channel-1\#ChannelRegularConversion,SamplingTime-1\#ChannelRegularConversion,NbrOfConversionFlag,ScanConvMode,ExternalTrigConv,Rank-2\#ChannelRegularConversion,Channel-2\#ChannelRegularConversion,SamplingTime-2\#ChannelRegularConversion,Rank-3\#ChannelRegularConversion,Channel-3\#ChannelRegularConversion,SamplingTime-3\#ChannelRegularConversion,Rank-4\#ChannelRegularConversion,Channel-4\#ChannelRegularConversion,SamplingTime-4\#ChannelRegularConversion,NbrOfConversion,DMAContinuousRequests
ADC2.NbrOfConversion=4
ADC2.NbrOfConversionFlag=1
ADC2.Rank-1\#ChannelRegularConversion=1
ADC2.Rank-2\#ChannelRegularConversion=2
ADC2.Rank-3\#ChannelRegularConversion=3
ADC2.Rank-4\#ChannelRegularConversion=4
ADC2.SamplingTime-1\#ChannelRegularConversion=ADC_SAMPLETIME_112CYCLES
ADC2.SamplingTime-2\#ChannelRegularConversion=ADC_SAMPLETIME_112CYCLES
ADC2.SamplingTime-3\#ChannelRegularConversion=ADC_SAMPLETIME_112CYCLES
ADC2.SamplingTime-4\#ChannelRegularConversion=ADC_SAMPLETIME_112CYCLES
ADC2.ScanConvMode=ENABLE
ADC3.Channel-0\#ChannelRegularConversion=ADC_CHANNEL_5
ADC3.Channel-10\#ChannelRegularConversion=ADC_CHANNEL_13
ADC3.Channel-11\#ChannelRegularConversion=ADC_CHANNEL_12
ADC3.Channel-12\#ChannelRegularConversion=ADC_CHANNEL_10
ADC3.Channel-5\#ChannelRegularConversion=ADC_CHANNEL_6
ADC3.Channel-6\#ChannelRegularConversion=ADC_CHANNEL_7
ADC3.Channel-7\#ChannelRegularConversion=ADC_CHANNEL_4
ADC3.Channel-8\#ChannelRegularConversion=ADC_CHANNEL_14
ADC3.Channel-9\#ChannelRegularConversion=ADC_CHANNEL_15
ADC3.DMAContinuousRequests=ENABLE
ADC3.ExternalTrigConv=ADC_EXTERNALTRIGCONV_T3_TRGO
ADC3.IPParameters=Rank-0\#ChannelRegularConversion,Channel-0\#ChannelRegularConversion,SamplingTime-0\#ChannelRegularConversion,NbrOfConversionFlag,ScanConvMode,NbrOfConversion,ExternalTrigConv,InjNumberOfConversion,DMAContinuousRequests,Rank-5\#ChannelRegularConversion,Channel-5\#ChannelRegularConversion,SamplingTime-5\#ChannelRegularConversion,Rank-6\#ChannelRegularConversion,Channel-6\#ChannelRegularConversion,SamplingTime-6\#ChannelRegularConversion,Rank-7\#ChannelRegularConversion,Channel-7\#ChannelRegularConversion,SamplingTime-7\#ChannelRegularConversion,Rank-8\#ChannelRegularConversion,Channel-8\#ChannelRegularConversion,SamplingTime-8\#ChannelRegularConversion,Rank-9\#ChannelRegularConversion,Channel-9\#ChannelRegularConversion,SamplingTime-9\#ChannelRegularConversion,Rank-10\#ChannelRegularConversion,Channel-10\#ChannelRegularConversion,SamplingTime-10\#ChannelRegularConversion,Rank-11\#ChannelRegularConversion,Channel-11\#ChannelRegularConversion,SamplingTime-11\#ChannelRegularConversion,Rank-12\#ChannelRegularConversion,Channel-12\#ChannelRegularConversion,SamplingTime-12\#ChannelRegularConversion
ADC3.InjNumberOfConversion=0
ADC3.NbrOfConversion=9
ADC3.NbrOfConversionFlag=1
ADC3.Rank-0\#ChannelRegularConversion=1
ADC3.Rank-10\#ChannelRegularConversion=7
ADC3.Rank-11\#ChannelRegularConversion=8
ADC3.Rank-12\#ChannelRegularConversion=9
ADC3.Rank-5\#ChannelRegularConversion=2
ADC3.Rank-6\#ChannelRegularConversion=3
ADC3.Rank-7\#ChannelRegularConversion=4
ADC3.Rank-8\#ChannelRegularConversion=5
ADC3.Rank-9\#ChannelRegularConversion=6
ADC3.SamplingTime-0\#ChannelRegularConversion=ADC_SAMPLETIME_112CYCLES
ADC3.SamplingTime-10\#ChannelRegularConversion=ADC_SAMPLETIME_112CYCLES
ADC3.SamplingTime-11\#ChannelRegularConversion=ADC_SAMPLETIME_112CYCLES
ADC3.SamplingTime-12\#ChannelRegularConversion=ADC_SAMPLETIME_112CYCLES
ADC3.SamplingTime-5\#ChannelRegularConversion=ADC_SAMPLETIME_112CYCLES
ADC3.SamplingTime-6\#ChannelRegularConversion=ADC_SAMPLETIME_112CYCLES
ADC3.SamplingTime-7\#ChannelRegularConversion=ADC_SAMPLETIME_112CYCLES
ADC3.SamplingTime-8\#ChannelRegularConversion=ADC_SAMPLETIME_112CYCLES
ADC3.SamplingTime-9\#ChannelRegularConversion=ADC_SAMPLETIME_112CYCLES
ADC3.ScanConvMode=ENABLE
Dma.ADC1.2.Direction=DMA_PERIPH_TO_MEMORY
Dma.ADC1.2.FIFOMode=DMA_FIFOMODE_DISABLE
Dma.ADC1.2.Instance=DMA2_Stream0
Dma.ADC1.2.MemDataAlignment=DMA_MDATAALIGN_HALFWORD
Dma.ADC1.2.MemInc=DMA_MINC_ENABLE
Dma.ADC1.2.Mode=DMA_NORMAL
Dma.ADC1.2.PeriphDataAlignment=DMA_PDATAALIGN_HALFWORD
Dma.ADC1.2.PeriphInc=DMA_PINC_DISABLE
Dma.ADC1.2.Priority=DMA_PRIORITY_LOW
Dma.ADC1.2.RequestParameters=Instance,Direction,PeriphInc,MemInc,PeriphDataAlignment,MemDataAlignment,Mode,Priority,FIFOMode
Dma.ADC2.1.Direction=DMA_PERIPH_TO_MEMORY
Dma.ADC2.1.FIFOMode=DMA_FIFOMODE_DISABLE
Dma.ADC2.1.Instance=DMA2_Stream2
Dma.ADC2.1.MemDataAlignment=DMA_MDATAALIGN_HALFWORD
Dma.ADC2.1.MemInc=DMA_MINC_ENABLE
Dma.ADC2.1.Mode=DMA_NORMAL
Dma.ADC2.1.PeriphDataAlignment=DMA_PDATAALIGN_HALFWORD
Dma.ADC2.1.PeriphInc=DMA_PINC_DISABLE
Dma.ADC2.1.Priority=DMA_PRIORITY_LOW
Dma.ADC2.1.RequestParameters=Instance,Direction,PeriphInc,MemInc,PeriphDataAlignment,MemDataAlignment,Mode,Priority,FIFOMode
Dma.ADC3.0.Direction=DMA_PERIPH_TO_MEMORY
Dma.ADC3.0.FIFOMode=DMA_FIFOMODE_DISABLE
Dma.ADC3.0.Instance=DMA2_Stream1
Dma.ADC3.0.MemDataAlignment=DMA_MDATAALIGN_HALFWORD
Dma.ADC3.0.MemInc=DMA_MINC_ENABLE
Dma.ADC3.0.Mode=DMA_NORMAL
Dma.ADC3.0.PeriphDataAlignment=DMA_PDATAALIGN_HALFWORD
Dma.ADC3.0.PeriphInc=DMA_PINC_DISABLE
Dma.ADC3.0.Priority=DMA_PRIORITY_LOW
Dma.ADC3.0.RequestParameters=Instance,Direction,PeriphInc,MemInc,PeriphDataAlignment,MemDataAlignment,Mode,Priority,FIFOMode
Dma.Request0=ADC3
Dma.Request1=ADC2
Dma.Request2=ADC1
Dma.Request3=SPI2_TX
Dma.Request4=SDIO_RX
Dma.Request5=SDIO_TX
Dma.RequestsNb=6
Dma.SDIO_RX.4.Direction=DMA_PERIPH_TO_MEMORY
Dma.SDIO_RX.4.FIFOMode=DMA_FIFOMODE_ENABLE
Dma.SDIO_RX.4.FIFOThreshold=DMA_FIFO_THRESHOLD_FULL
Dma.SDIO_RX.4.Instance=DMA2_Stream3
Dma.SDIO_RX.4.MemBurst=DMA_MBURST_INC4
Dma.SDIO_RX.4.MemDataAlignment=DMA_MDATAALIGN_WORD
Dma.SDIO_RX.4.MemInc=DMA_MINC_ENABLE
Dma.SDIO_RX.4.Mode=DMA_PFCTRL
Dma.SDIO_RX.4.PeriphBurst=DMA_PBURST_INC4
Dma.SDIO_RX.4.PeriphDataAlignment=DMA_PDATAALIGN_WORD
Dma.SDIO_RX.4.PeriphInc=DMA_PINC_DISABLE
Dma.SDIO_RX.4.Priority=DMA_PRIORITY_LOW
Dma.SDIO_RX.4.RequestParameters=Instance,Direction,PeriphInc,MemInc,PeriphDataAlignment,MemDataAlignment,Mode,Priority,FIFOMode,FIFOThreshold,MemBurst,PeriphBurst
Dma.SDIO_TX.5.Direction=DMA_MEMORY_TO_PERIPH
Dma.SDIO_TX.5.FIFOMode=DMA_FIFOMODE_ENABLE
Dma.SDIO_TX.5.FIFOThreshold=DMA_FIFO_THRESHOLD_FULL
Dma.SDIO_TX.5.Instance=DMA2_Stream6
Dma.SDIO_TX.5.MemBurst=DMA_MBURST_INC4
Dma.SDIO_TX.5.MemDataAlignment=DMA_MDATAALIGN_WORD
Dma.SDIO_TX.5.MemInc=DMA_MINC_ENABLE
Dma.SDIO_TX.5.Mode=DMA_PFCTRL
Dma.SDIO_TX.5.PeriphBurst=DMA_PBURST_INC4
Dma.SDIO_TX.5.PeriphDataAlignment=DMA_PDATAALIGN_WORD
Dma.SDIO_TX.5.PeriphInc=DMA_PINC_DISABLE
Dma.SDIO_TX.5.Priority=DMA_PRIORITY_LOW
Dma.SDIO_TX.5.RequestParameters=Instance,Direction,PeriphInc,MemInc,PeriphDataAlignment,MemDataAlignment,Mode,Priority,FIFOMode,FIFOThreshold,MemBurst,PeriphBurst
Dma.SPI2_TX.3.Direction=DMA_MEMORY_TO_PERIPH
Dma.SPI2_TX.3.FIFOMode=DMA_FIFOMODE_DISABLE
Dma.SPI2_TX.3.Instance=DMA1_Stream4
Dma.SPI2_TX.3.MemDataAlignment=DMA_MDATAALIGN_BYTE
Dma.SPI2_TX.3.MemInc=DMA_MINC_ENABLE
Dma.SPI2_TX.3.Mode=DMA_NORMAL
Dma.SPI2_TX.3.PeriphDataAlignment=DMA_PDATAALIGN_BYTE
Dma.SPI2_TX.3.PeriphInc=DMA_PINC_DISABLE
Dma.SPI2_TX.3.Priority=DMA_PRIORITY_LOW
Dma.SPI2_TX.3.RequestParameters=Instance,Direction,PeriphInc,MemInc,PeriphDataAlignment,MemDataAlignment,Mode,Priority,FIFOMode
ETH.IPParameters=MediaInterface,MACAddr,PhyAddress,PHY_SR,PHY_SPEED_STATUS,PHY_DUPLEX_STATUS
ETH.MACAddr=00\:10\:FA\:6E\:38\:4A
ETH.MediaInterface=ETH_MEDIA_INTERFACE_RMII
ETH.PHY_DUPLEX_STATUS=0x0010
ETH.PHY_SPEED_STATUS=0x0004
ETH.PHY_SR=0x1F
ETH.PhyAddress=0
FATFS.BSP.number=1
FATFS.IPParameters=_CODE_PAGE
FATFS._CODE_PAGE=1
FATFS0.BSP.STBoard=false
FATFS0.BSP.api=Unknown
FATFS0.BSP.component=
FATFS0.BSP.condition=
FATFS0.BSP.i2caddr=0
FATFS0.BSP.i2creg=
FATFS0.BSP.instance=PA8
FATFS0.BSP.ip=GPIO
FATFS0.BSP.mode=Input
FATFS0.BSP.name=Detect_SDIO
FATFS0.BSP.semaphore=
FATFS0.BSP.solution=PA8
FREERTOS.BinarySemaphores01=xLCDDelaySemph,Dynamic,NULL
FREERTOS.FootprintOK=true
FREERTOS.IPParameters=Tasks01,FootprintOK,BinarySemaphores01,configTOTAL_HEAP_SIZE,configTIMER_TASK_PRIORITY
FREERTOS.Tasks01=defaultTask,24,128,StartDefaultTask,Default,NULL,Dynamic,NULL,NULL;lcdTask,8,256,StartLcdTask,Default,NULL,Dynamic,NULL,NULL;usbTask,8,192,vStartUsbTask,As external,NULL,Dynamic,NULL,NULL;adcTask,24,403,StartADCTask,As external,NULL,Dynamic,NULL,NULL;keyboardTask,40,128,vKeyboardTask,As external,NULL,Dynamic,NULL,NULL;wdTask,32,128,vWDtask,Default,NULL,Dynamic,NULL,NULL
FREERTOS.configTIMER_TASK_PRIORITY=55
FREERTOS.configTOTAL_HEAP_SIZE=30720
File.Version=6
GPIO.groupedBy=Group By Peripherals
IWDG.IPParameters=Reload,Prescaler
IWDG.Prescaler=IWDG_PRESCALER_16
IWDG.Reload=3999
KeepUserPlacement=false
LWIP.CHECKSUM_BY_HARDWARE=0
LWIP.IPParameters=CHECKSUM_BY_HARDWARE
LWIP.Version=v2.0.3_Cube
Mcu.CPN=STM32F217ZGT6
Mcu.Family=STM32F2
Mcu.IP0=ADC1
Mcu.IP1=ADC2
Mcu.IP10=NVIC
Mcu.IP11=RCC
Mcu.IP12=SDIO
Mcu.IP13=SPI1
Mcu.IP14=SPI2
Mcu.IP15=SYS
Mcu.IP16=TIM2
Mcu.IP17=TIM3
Mcu.IP18=TIM5
Mcu.IP19=TIM6
Mcu.IP2=ADC3
Mcu.IP20=TIM7
Mcu.IP21=TIM8
Mcu.IP22=TIM11
Mcu.IP23=TIM12
Mcu.IP24=TIM13
Mcu.IP25=USART2
Mcu.IP26=USART3
Mcu.IP27=USB_DEVICE
Mcu.IP28=USB_OTG_FS
Mcu.IP3=DMA
Mcu.IP4=ETH
Mcu.IP5=FATFS
Mcu.IP6=FREERTOS
Mcu.IP7=I2C1
Mcu.IP8=IWDG
Mcu.IP9=LWIP
Mcu.IPNb=29
Mcu.Name=STM32F217Z(E-G)Tx
Mcu.Package=LQFP144
Mcu.Pin0=PE2
Mcu.Pin1=PE3
Mcu.Pin10=PF6
Mcu.Pin100=VP_LWIP_VS_Enabled
Mcu.Pin101=VP_SYS_VS_tim4
Mcu.Pin102=VP_TIM2_VS_ClockSourceINT
Mcu.Pin103=VP_TIM3_VS_ClockSourceINT
Mcu.Pin104=VP_TIM5_VS_ClockSourceINT
Mcu.Pin105=VP_TIM6_VS_ClockSourceINT
Mcu.Pin106=VP_TIM7_VS_ClockSourceINT
Mcu.Pin107=VP_TIM8_VS_ClockSourceINT
Mcu.Pin108=VP_TIM11_VS_ClockSourceINT
Mcu.Pin109=VP_TIM12_VS_ClockSourceINT
Mcu.Pin11=PF7
Mcu.Pin110=VP_TIM13_VS_ClockSourceINT
Mcu.Pin111=VP_USB_DEVICE_VS_USB_DEVICE_CUSTOM_HID_FS
Mcu.Pin12=PF8
Mcu.Pin13=PF9
Mcu.Pin14=PF10
Mcu.Pin15=PH0-OSC_IN
Mcu.Pin16=PH1-OSC_OUT
Mcu.Pin17=PC0
Mcu.Pin18=PC1
Mcu.Pin19=PC2
Mcu.Pin2=PE4
Mcu.Pin20=PC3
Mcu.Pin21=PA0-WKUP
Mcu.Pin22=PA1
Mcu.Pin23=PA2
Mcu.Pin24=PA3
Mcu.Pin25=PA4
Mcu.Pin26=PA5
Mcu.Pin27=PA6
Mcu.Pin28=PA7
Mcu.Pin29=PC4
Mcu.Pin3=PE5
Mcu.Pin30=PC5
Mcu.Pin31=PB0
Mcu.Pin32=PB1
Mcu.Pin33=PF12
Mcu.Pin34=PG0
Mcu.Pin35=PE7
Mcu.Pin36=PE8
Mcu.Pin37=PE9
Mcu.Pin38=PE10
Mcu.Pin39=PE11
Mcu.Pin4=PE6
Mcu.Pin40=PE12
Mcu.Pin41=PE13
Mcu.Pin42=PE14
Mcu.Pin43=PE15
Mcu.Pin44=PB10
Mcu.Pin45=PB11
Mcu.Pin46=PB12
Mcu.Pin47=PB13
Mcu.Pin48=PB14
Mcu.Pin49=PB15
Mcu.Pin5=PC13
Mcu.Pin50=PD8
Mcu.Pin51=PD9
Mcu.Pin52=PD11
Mcu.Pin53=PD12
Mcu.Pin54=PD13
Mcu.Pin55=PD14
Mcu.Pin56=PD15
Mcu.Pin57=PG2
Mcu.Pin58=PG3
Mcu.Pin59=PG4
Mcu.Pin6=PC14-OSC32_IN
Mcu.Pin60=PG5
Mcu.Pin61=PG6
Mcu.Pin62=PG7
Mcu.Pin63=PC8
Mcu.Pin64=PC9
Mcu.Pin65=PA8
Mcu.Pin66=PA9
Mcu.Pin67=PA11
Mcu.Pin68=PA12
Mcu.Pin69=PA13
Mcu.Pin7=PF0
Mcu.Pin70=PA14
Mcu.Pin71=PA15
Mcu.Pin72=PC10
Mcu.Pin73=PC11
Mcu.Pin74=PC12
Mcu.Pin75=PD0
Mcu.Pin76=PD1
Mcu.Pin77=PD2
Mcu.Pin78=PD4
Mcu.Pin79=PD5
Mcu.Pin8=PF4
Mcu.Pin80=PD6
Mcu.Pin81=PD7
Mcu.Pin82=PG9
Mcu.Pin83=PG10
Mcu.Pin84=PG11
Mcu.Pin85=PG12
Mcu.Pin86=PG13
Mcu.Pin87=PG15
Mcu.Pin88=PB3
Mcu.Pin89=PB4
Mcu.Pin9=PF5
Mcu.Pin90=PB5
Mcu.Pin91=PB6
Mcu.Pin92=PB7
Mcu.Pin93=PB8
Mcu.Pin94=PB9
Mcu.Pin95=PE0
Mcu.Pin96=PE1
Mcu.Pin97=VP_FATFS_VS_SDIO
Mcu.Pin98=VP_FREERTOS_VS_CMSIS_V2
Mcu.Pin99=VP_IWDG_VS_IWDG
Mcu.PinsNb=112
Mcu.ThirdPartyNb=0
Mcu.UserConstants=
Mcu.UserName=STM32F217ZGTx
MxCube.Version=6.5.0
MxDb.Version=DB.6.0.50
NVIC.BusFault_IRQn=true\:0\:0\:false\:false\:true\:false\:false\:false\:true
NVIC.DMA1_Stream4_IRQn=true\:5\:0\:false\:false\:true\:true\:false\:true\:true
NVIC.DMA2_Stream0_IRQn=true\:5\:0\:false\:false\:true\:true\:false\:true\:true
NVIC.DMA2_Stream1_IRQn=true\:5\:0\:false\:false\:true\:true\:false\:true\:true
NVIC.DMA2_Stream2_IRQn=true\:5\:0\:false\:false\:true\:true\:false\:true\:true
NVIC.DMA2_Stream3_IRQn=true\:5\:0\:false\:false\:true\:true\:false\:true\:true
NVIC.DMA2_Stream6_IRQn=true\:5\:0\:false\:false\:true\:true\:false\:true\:true
NVIC.DebugMonitor_IRQn=true\:0\:0\:false\:false\:true\:false\:false\:false\:true
NVIC.ETH_IRQn=true\:5\:0\:false\:false\:true\:true\:false\:true\:true
NVIC.EXTI9_5_IRQn=true\:5\:0\:false\:false\:true\:true\:true\:true\:true
NVIC.ForceEnableDMAVector=true
NVIC.HardFault_IRQn=true\:0\:0\:false\:false\:true\:false\:false\:false\:true
NVIC.MemoryManagement_IRQn=true\:0\:0\:false\:false\:true\:false\:false\:false\:true
NVIC.NonMaskableInt_IRQn=true\:0\:0\:false\:false\:true\:false\:false\:false\:true
NVIC.OTG_FS_IRQn=true\:5\:0\:false\:false\:true\:true\:false\:true\:true
NVIC.PendSV_IRQn=true\:15\:0\:false\:false\:false\:true\:false\:false\:true
NVIC.PriorityGroup=NVIC_PRIORITYGROUP_4
NVIC.SDIO_IRQn=true\:5\:0\:false\:false\:true\:true\:true\:true\:true
NVIC.SVCall_IRQn=true\:0\:0\:false\:false\:false\:false\:false\:false\:true
NVIC.SavedPendsvIrqHandlerGenerated=true
NVIC.SavedSvcallIrqHandlerGenerated=true
NVIC.SavedSystickIrqHandlerGenerated=true
NVIC.SysTick_IRQn=true\:15\:0\:false\:false\:false\:true\:false\:true\:true
NVIC.TIM2_IRQn=true\:5\:0\:false\:false\:true\:true\:true\:true\:true
NVIC.TIM3_IRQn=true\:5\:0\:false\:false\:true\:true\:true\:true\:true
NVIC.TIM4_IRQn=true\:0\:0\:false\:false\:true\:false\:false\:true\:true
NVIC.TIM5_IRQn=true\:5\:0\:false\:false\:true\:true\:true\:true\:true
NVIC.TIM6_DAC_IRQn=true\:5\:0\:false\:false\:true\:true\:true\:true\:true
NVIC.TIM7_IRQn=true\:5\:0\:false\:false\:true\:true\:true\:true\:true
NVIC.TIM8_BRK_TIM12_IRQn=true\:5\:0\:false\:false\:true\:true\:true\:true\:true
NVIC.TIM8_UP_TIM13_IRQn=true\:5\:0\:false\:false\:true\:true\:true\:true\:true
NVIC.TimeBase=TIM4_IRQn
NVIC.TimeBaseIP=TIM4
NVIC.USART2_IRQn=true\:5\:0\:false\:false\:true\:true\:true\:true\:true
NVIC.USART3_IRQn=true\:5\:0\:false\:false\:true\:true\:true\:true\:true
NVIC.UsageFault_IRQn=true\:0\:0\:false\:false\:true\:false\:false\:false\:true
PA0-WKUP.GPIOParameters=GPIO_Label
PA0-WKUP.GPIO_Label=AIN_POW_PH3
PA0-WKUP.Signal=ADCx_IN0
PA1.GPIOParameters=GPIO_Label
PA1.GPIO_Label=RMII_REF_CLK
PA1.Mode=RMII
PA1.Signal=ETH_REF_CLK
PA11.Mode=Device_Only
PA11.Signal=USB_OTG_FS_DM
PA12.Mode=Device_Only
PA12.Signal=USB_OTG_FS_DP
PA13.GPIOParameters=GPIO_Label
PA13.GPIO_Label=SWDIO
PA13.Mode=Serial_Wire
PA13.Signal=SYS_JTMS-SWDIO
PA14.GPIOParameters=GPIO_Label
PA14.GPIO_Label=SWCLK
PA14.Mode=Serial_Wire
PA14.Signal=SYS_JTCK-SWCLK
PA15.GPIOParameters=GPIO_Label
PA15.GPIO_Label=EEPROM_NSS
PA15.Locked=true
PA15.Signal=GPIO_Output
PA2.GPIOParameters=GPIO_Label
PA2.GPIO_Label=RMII_MDIO
PA2.Mode=RMII
PA2.Signal=ETH_MDIO
PA3.GPIOParameters=GPIO_Label
PA3.GPIO_Label=AIN_POW_PH2
PA3.Signal=ADCx_IN3
PA4.GPIOParameters=GPIO_Label
PA4.GPIO_Label=AIN_POW_PH1
PA4.Signal=ADCx_IN4
PA5.GPIOParameters=GPIO_Label
PA5.GPIO_Label=AIN_GEN_N
PA5.Signal=ADCx_IN5
PA6.GPIOParameters=GPIO_Label
PA6.GPIO_Label=AIN_GEN_PH3
PA6.Signal=ADCx_IN6
PA7.GPIOParameters=GPIO_Label
PA7.GPIO_Label=RMII_CRS_DV
PA7.Mode=RMII
PA7.Signal=ETH_CRS_DV
PA8.GPIOParameters=GPIO_Label
PA8.GPIO_Label=SDIO_CD
PA8.Locked=true
PA8.Signal=GPIO_Input
PA9.Mode=Activate_VBUS
PA9.Signal=USB_OTG_FS_VBUS
PB0.GPIOParameters=GPIO_Label
PB0.GPIO_Label=AIN_GEN_PH2
PB0.Signal=ADCx_IN8
PB1.GPIOParameters=GPIO_Label
PB1.GPIO_Label=AIN_GEN_PH1
PB1.Signal=ADCx_IN9
PB10.GPIOParameters=GPIO_Label
PB10.GPIO_Label=LCD_SCK
PB10.Locked=true
PB10.Mode=Simplex_Bidirectional_Master
PB10.Signal=SPI2_SCK
PB11.GPIOParameters=GPIO_Label
PB11.GPIO_Label=LCD_LED
PB11.Locked=true
PB11.Signal=GPIO_Output
PB12.GPIOParameters=GPIO_Label
PB12.GPIO_Label=LCD_CS
PB12.Locked=true
PB12.Signal=GPIO_Output
PB13.GPIOParameters=GPIO_Label
PB13.GPIO_Label=RMII_TXD1
PB13.Mode=RMII
PB13.Signal=ETH_TXD1
PB14.GPIOParameters=GPIO_Label
PB14.GPIO_Label=LCD_MISO
PB14.Locked=true
PB14.Signal=SPI2_MISO
PB15.GPIOParameters=GPIO_Label
PB15.GPIO_Label=LCD_MOSI
PB15.Locked=true
PB15.Mode=Simplex_Bidirectional_Master
PB15.Signal=SPI2_MOSI
PB3.GPIOParameters=GPIO_Label
PB3.GPIO_Label=EEPROM_SCK
PB3.Locked=true
PB3.Mode=Full_Duplex_Master
PB3.Signal=SPI1_SCK
PB4.GPIOParameters=GPIO_Label
PB4.GPIO_Label=EEPROM_MISO
PB4.Locked=true
PB4.Mode=Full_Duplex_Master
PB4.Signal=SPI1_MISO
PB5.GPIOParameters=GPIO_Label
PB5.GPIO_Label=EEPROM_MOSI
PB5.Locked=true
PB5.Mode=Full_Duplex_Master
PB5.Signal=SPI1_MOSI
PB6.GPIOParameters=GPIO_Label
PB6.GPIO_Label=POUT_IJ_CS
PB6.Locked=true
PB6.Signal=GPIO_Output
PB7.GPIOParameters=GPIO_Label
PB7.GPIO_Label=POUT_I
PB7.Locked=true
PB7.Signal=GPIO_Output
PB8.GPIOParameters=GPIO_Label,GPIO_Pu
PB8.GPIO_Label=RTC_SCL
PB8.GPIO_Pu=GPIO_PULLUP
PB8.Locked=true
PB8.Mode=I2C
PB8.Signal=I2C1_SCL
PB9.GPIOParameters=GPIO_Label,GPIO_Pu
PB9.GPIO_Label=RTC_SDA
PB9.GPIO_Pu=GPIO_PULLUP
PB9.Locked=true
PB9.Mode=I2C
PB9.Signal=I2C1_SDA
PC0.GPIOParameters=GPIO_Label
PC0.GPIO_Label=AIN_CHARG_ALTER
PC0.Signal=ADCx_IN10
PC1.GPIOParameters=GPIO_Label
PC1.GPIO_Label=RMII_MDC
PC1.Mode=RMII
PC1.Signal=ETH_MDC
PC10.Mode=SD_4_bits_Wide_bus
PC10.Signal=SDIO_D2
PC11.Mode=SD_4_bits_Wide_bus
PC11.Signal=SDIO_D3
PC12.Mode=SD_4_bits_Wide_bus
PC12.Signal=SDIO_CK
PC13.GPIOParameters=GPIO_Label
PC13.GPIO_Label=BTN
PC13.Locked=true
PC13.Signal=GPIO_Input
PC14-OSC32_IN.Locked=true
PC14-OSC32_IN.Signal=RCC_OSC32_IN
PC2.GPIOParameters=GPIO_Label
PC2.GPIO_Label=AIN_OILPRES_COOLTEMP
PC2.Signal=ADCx_IN12
PC3.GPIOParameters=GPIO_Label
PC3.GPIO_Label=AIN_COM
PC3.Signal=ADCx_IN13
PC4.GPIOParameters=GPIO_Label
PC4.GPIO_Label=RMII_RXD0
PC4.Mode=RMII
PC4.Signal=ETH_RXD0
PC5.GPIOParameters=GPIO_Label
PC5.GPIO_Label=RMII_RXD1
PC5.Mode=RMII
PC5.Signal=ETH_RXD1
PC8.Mode=SD_4_bits_Wide_bus
PC8.Signal=SDIO_D0
PC9.Mode=SD_4_bits_Wide_bus
PC9.Signal=SDIO_D1
PD0.Locked=true
PD0.Signal=CAN1_RX
PD1.Locked=true
PD1.Signal=CAN1_TX
PD11.GPIOParameters=GPIO_Label
PD11.GPIO_Label=KL_UP
PD11.Locked=true
PD11.Signal=GPIO_Input
PD12.GPIOParameters=GPIO_Label
PD12.GPIO_Label=KL_DOWN
PD12.Locked=true
PD12.Signal=GPIO_Input
PD13.GPIOParameters=GPIO_Label
PD13.GPIO_Label=KL_START
PD13.Locked=true
PD13.Signal=GPIO_Input
PD14.GPIOParameters=GPIO_Label
PD14.GPIO_Label=KL_AUTO
PD14.Locked=true
PD14.Signal=GPIO_Input
PD15.GPIOParameters=GPIO_Label
PD15.GPIO_Label=KL_STOP
PD15.Locked=true
PD15.Signal=GPIO_Input
PD2.Mode=SD_4_bits_Wide_bus
PD2.Signal=SDIO_CMD
PD4.GPIOParameters=GPIO_Label
PD4.GPIO_Label=RS485_DE
PD4.Locked=true
PD4.Signal=GPIO_Output
PD5.GPIOParameters=GPIO_Label
PD5.GPIO_Label=RX485_TX
PD5.Locked=true
PD5.Mode=Asynchronous
PD5.Signal=USART2_TX
PD6.GPIOParameters=GPIO_Label
PD6.GPIO_Label=RS485_RX
PD6.Locked=true
PD6.Mode=Asynchronous
PD6.Signal=USART2_RX
PD7.GPIOParameters=PinState,GPIO_Label
PD7.GPIO_Label=LED_SYS
PD7.Locked=true
PD7.PinState=GPIO_PIN_SET
PD7.Signal=GPIO_Output
PD8.GPIOParameters=GPIO_Label
PD8.GPIO_Label=DEBUG_TX
PD8.Locked=true
PD8.Mode=Asynchronous
PD8.Signal=USART3_TX
PD9.GPIOParameters=GPIO_Label
PD9.GPIO_Label=DEBUG_RX
PD9.Locked=true
PD9.Mode=Asynchronous
PD9.Signal=USART3_RX
PE0.GPIOParameters=GPIO_Label
PE0.GPIO_Label=RTC_INT
PE0.Locked=true
PE0.Signal=GPIO_Output
PE1.GPIOParameters=GPIO_Label
PE1.GPIO_Label=RTC_RST
PE1.Locked=true
PE1.Signal=GPIO_Output
PE10.GPIOParameters=GPIO_Label
PE10.GPIO_Label=POUT_CD_CS
PE10.Locked=true
PE10.Signal=GPIO_Output
PE11.GPIOParameters=GPIO_Label
PE11.GPIO_Label=POUT_C
PE11.Locked=true
PE11.Signal=GPIO_Output
PE12.GPIOParameters=GPIO_Label
PE12.GPIO_Label=POUT_F
PE12.Locked=true
PE12.Signal=GPIO_Output
PE13.GPIOParameters=GPIO_Label
PE13.GPIO_Label=POUT_EF_CS
PE13.Locked=true
PE13.Signal=GPIO_Output
PE14.GPIOParameters=GPIO_Label
PE14.GPIO_Label=POUT_E
PE14.Locked=true
PE14.Signal=GPIO_Output
PE15.GPIOParameters=PinState,GPIO_Label
PE15.GPIO_Label=LCD_RST
PE15.Locked=true
PE15.PinState=GPIO_PIN_SET
PE15.Signal=GPIO_Output
PE2.GPIOParameters=GPIO_Label
PE2.GPIO_Label=FPI_A
PE2.Locked=true
PE2.Signal=GPIO_Input
PE3.GPIOParameters=GPIO_Label
PE3.GPIO_Label=FPI_B
PE3.Locked=true
PE3.Signal=GPIO_Input
PE4.GPIOParameters=GPIO_Label
PE4.GPIO_Label=FPI_C
PE4.Locked=true
PE4.Signal=GPIO_Input
PE5.GPIOParameters=GPIO_Label
PE5.GPIO_Label=FPI_D
PE5.Locked=true
PE5.Signal=GPIO_Input
PE6.GPIOParameters=GPIO_Label
PE6.GPIO_Label=POUT_AB_CS
PE6.Locked=true
PE6.Signal=GPIO_Output
PE7.GPIOParameters=GPIO_Label
PE7.GPIO_Label=POUT_A
PE7.Locked=true
PE7.Signal=GPIO_Output
PE8.GPIOParameters=GPIO_Label
PE8.GPIO_Label=POUT_B
PE8.Locked=true
PE8.Signal=GPIO_Output
PE9.GPIOParameters=GPIO_Label
PE9.GPIO_Label=POUT_D
PE9.Locked=true
PE9.Signal=GPIO_Output
PF0.GPIOParameters=GPIO_Label
PF0.GPIO_Label=ANALOG_SWITCH
PF0.Locked=true
PF0.Signal=GPIO_Output
PF10.Locked=true
PF10.Signal=ADC3_IN8
PF12.GPIOParameters=GPIO_Label
PF12.GPIO_Label=DIN_OFFSET
PF12.Locked=true
PF12.Signal=GPIO_Output
PF4.GPIOParameters=GPIO_Label
PF4.GPIO_Label=AIN_INPOW
PF4.Mode=IN14
PF4.Signal=ADC3_IN14
PF5.GPIOParameters=GPIO_Label
PF5.GPIO_Label=AIN_DIN_SM
PF5.Mode=IN15
PF5.Signal=ADC3_IN15
PF6.GPIOParameters=GPIO_Label
PF6.GPIO_Label=AIN_NET_N
PF6.Mode=IN4
PF6.Signal=ADC3_IN4
PF7.GPIOParameters=GPIO_Label
PF7.GPIO_Label=AIN_NET_PH3
PF7.Mode=IN5
PF7.Signal=ADC3_IN5
PF8.GPIOParameters=GPIO_Label
PF8.GPIO_Label=AIN_NET_PH2
PF8.Mode=IN6
PF8.Signal=ADC3_IN6
PF9.GPIOParameters=GPIO_Label
PF9.GPIO_Label=AIN_NET_PH1
PF9.Mode=IN7
PF9.Signal=ADC3_IN7
PG0.GPIOParameters=GPIO_Label
PG0.GPIO_Label=CHARG_ON
PG0.Locked=true
PG0.Signal=GPIO_Output
PG10.GPIOParameters=GPIO_Label
PG10.GPIO_Label=POUT_G
PG10.Locked=true
PG10.Signal=GPIO_Output
PG11.GPIOParameters=GPIO_Label
PG11.GPIO_Label=RMII_TX_EN
PG11.Mode=RMII
PG11.Signal=ETH_TX_EN
PG12.GPIOParameters=GPIO_Label
PG12.GPIO_Label=POUT_H
PG12.Locked=true
PG12.Signal=GPIO_Output
PG13.GPIOParameters=GPIO_Label
PG13.GPIO_Label=RMII_TXD0
PG13.Mode=RMII
PG13.Signal=ETH_TXD0
PG15.GPIOParameters=GPIO_Label
PG15.GPIO_Label=POUT_J
PG15.Locked=true
PG15.Signal=GPIO_Output
PG2.GPIOParameters=PinState,GPIO_Label
PG2.GPIO_Label=LED1
PG2.Locked=true
PG2.PinState=GPIO_PIN_SET
PG2.Signal=GPIO_Output
PG3.GPIOParameters=PinState,GPIO_Label
PG3.GPIO_Label=LED2
PG3.Locked=true
PG3.PinState=GPIO_PIN_SET
PG3.Signal=GPIO_Output
PG4.GPIOParameters=PinState,GPIO_Label
PG4.GPIO_Label=LED3
PG4.Locked=true
PG4.PinState=GPIO_PIN_SET
PG4.Signal=GPIO_Output
PG5.GPIOParameters=GPIO_Label
PG5.GPIO_Label=VR_COUNT
PG5.Locked=true
PG5.Signal=GPXTI5
PG6.GPIOParameters=GPIO_Label
PG6.GPIO_Label=USB_ENB
PG6.Locked=true
PG6.Signal=GPIO_Output
PG7.GPIOParameters=GPIO_Label
PG7.GPIO_Label=USB_DETECTED
PG7.Locked=true
PG7.Signal=GPIO_Input
PG9.GPIOParameters=GPIO_Label
PG9.GPIO_Label=POUT_GH_CS
PG9.Locked=true
PG9.Signal=GPIO_Output
PH0-OSC_IN.Locked=true
PH0-OSC_IN.Mode=HSE-External-Oscillator
PH0-OSC_IN.Signal=RCC_OSC_IN
PH1-OSC_OUT.Locked=true
PH1-OSC_OUT.Mode=HSE-External-Oscillator
PH1-OSC_OUT.Signal=RCC_OSC_OUT
PinOutPanel.RotationAngle=0
ProjectManager.AskForMigrate=true
ProjectManager.BackupPrevious=false
ProjectManager.CompilerOptimize=6
ProjectManager.ComputerToolchain=false
ProjectManager.CoupleFile=false
ProjectManager.CustomerFirmwarePackage=
ProjectManager.DefaultFWLocation=true
ProjectManager.DeletePrevious=true
ProjectManager.DeviceId=STM32F217ZGTx
ProjectManager.FirmwarePackage=STM32Cube FW_F2 V1.9.3
ProjectManager.FreePins=false
ProjectManager.HalAssertFull=false
ProjectManager.HeapSize=0x200
ProjectManager.KeepUserCode=true
ProjectManager.LastFirmware=true
ProjectManager.LibraryCopy=1
ProjectManager.MainLocation=Core/Src
ProjectManager.NoMain=false
ProjectManager.PreviousToolchain=
ProjectManager.ProjectBuild=false
ProjectManager.ProjectFileName=energan-emb.ioc
ProjectManager.ProjectName=energan-emb
ProjectManager.RegisterCallBack=
ProjectManager.StackSize=0x400
ProjectManager.TargetToolchain=STM32CubeIDE
ProjectManager.ToolChainLocation=
ProjectManager.UnderRoot=true
ProjectManager.functionlistsort=1-MX_GPIO_Init-GPIO-false-HAL-true,2-MX_DMA_Init-DMA-false-HAL-true,3-SystemClock_Config-RCC-false-HAL-false,4-MX_ADC3_Init-ADC3-false-HAL-true,5-MX_I2C1_Init-I2C1-false-HAL-true,6-MX_SPI1_Init-SPI1-false-HAL-true,7-MX_USART2_UART_Init-USART2-false-HAL-true,8-MX_USART3_UART_Init-USART3-false-HAL-true,9-MX_SPI2_Init-SPI2-false-HAL-true,10-MX_TIM2_Init-TIM2-false-HAL-true,11-MX_TIM3_Init-TIM3-false-HAL-true,12-MX_TIM5_Init-TIM5-false-HAL-true,13-MX_TIM6_Init-TIM6-false-HAL-true,14-MX_TIM7_Init-TIM7-false-HAL-true,15-MX_TIM11_Init-TIM11-false-HAL-true,16-MX_TIM12_Init-TIM12-false-HAL-true,17-MX_TIM13_Init-TIM13-false-HAL-true,18-MX_LWIP_Init-LWIP-false-HAL-false,19-MX_USB_DEVICE_Init-USB_DEVICE-false-HAL-false,20-MX_ADC2_Init-ADC2-false-HAL-true,21-MX_ADC1_Init-ADC1-false-HAL-true,22-MX_TIM8_Init-TIM8-false-HAL-true,23-MX_IWDG_Init-IWDG-false-HAL-true,24-MX_SDIO_SD_Init-SDIO-false-HAL-true,25-MX_FATFS_Init-FATFS-false-HAL-false
RCC.48MHZClocksFreq_Value=48000000
RCC.AHBFreq_Value=120000000
RCC.APB1CLKDivider=RCC_HCLK_DIV4
RCC.APB1Freq_Value=30000000
RCC.APB1TimFreq_Value=60000000
RCC.APB2CLKDivider=RCC_HCLK_DIV2
RCC.APB2Freq_Value=60000000
RCC.APB2TimFreq_Value=120000000
RCC.CortexFreq_Value=120000000
RCC.EthernetFreq_Value=120000000
RCC.FCLKCortexFreq_Value=120000000
RCC.FamilyName=M
RCC.HCLKFreq_Value=120000000
RCC.HSE_VALUE=8000000
RCC.HSI_VALUE=16000000
RCC.I2SClocksFreq_Value=96000000
RCC.IPParameters=48MHZClocksFreq_Value,AHBFreq_Value,APB1CLKDivider,APB1Freq_Value,APB1TimFreq_Value,APB2CLKDivider,APB2Freq_Value,APB2TimFreq_Value,CortexFreq_Value,EthernetFreq_Value,FCLKCortexFreq_Value,FamilyName,HCLKFreq_Value,HSE_VALUE,HSI_VALUE,I2SClocksFreq_Value,LSE_VALUE,LSI_VALUE,MCO2PinFreq_Value,PLLCLKFreq_Value,PLLM,PLLN,PLLQ,PLLSourceVirtual,RTCFreq_Value,RTCHSEDivFreq_Value,SYSCLKFreq_VALUE,SYSCLKSource,VCOI2SOutputFreq_Value,VCOInputFreq_Value,VCOOutputFreq_Value,VcooutputI2S
RCC.LSE_VALUE=32768
RCC.LSI_VALUE=32000
RCC.MCO2PinFreq_Value=120000000
RCC.PLLCLKFreq_Value=120000000
RCC.PLLM=8
RCC.PLLN=240
RCC.PLLQ=5
RCC.PLLSourceVirtual=RCC_PLLSOURCE_HSE
RCC.RTCFreq_Value=32000
RCC.RTCHSEDivFreq_Value=4000000
RCC.SYSCLKFreq_VALUE=120000000
RCC.SYSCLKSource=RCC_SYSCLKSOURCE_PLLCLK
RCC.VCOI2SOutputFreq_Value=192000000
RCC.VCOInputFreq_Value=1000000
RCC.VCOOutputFreq_Value=240000000
RCC.VcooutputI2S=96000000
SDIO.ClockDiv=6
SDIO.IPParameters=ClockDiv
SH.ADCx_IN0.0=ADC1_IN0,IN0
SH.ADCx_IN0.ConfNb=1
SH.ADCx_IN10.0=ADC3_IN10,IN10
SH.ADCx_IN10.ConfNb=1
SH.ADCx_IN12.0=ADC3_IN12,IN12
SH.ADCx_IN12.ConfNb=1
SH.ADCx_IN13.0=ADC3_IN13,IN13
SH.ADCx_IN13.ConfNb=1
SH.ADCx_IN3.0=ADC1_IN3,IN3
SH.ADCx_IN3.ConfNb=1
SH.ADCx_IN4.0=ADC1_IN4,IN4
SH.ADCx_IN4.ConfNb=1
SH.ADCx_IN5.0=ADC2_IN5,IN5
SH.ADCx_IN5.ConfNb=1
SH.ADCx_IN6.0=ADC2_IN6,IN6
SH.ADCx_IN6.ConfNb=1
SH.ADCx_IN8.0=ADC2_IN8,IN8
SH.ADCx_IN8.ConfNb=1
SH.ADCx_IN9.0=ADC2_IN9,IN9
SH.ADCx_IN9.ConfNb=1
SH.GPXTI5.0=GPIO_EXTI5
SH.GPXTI5.ConfNb=1
SPI1.BaudRatePrescaler=SPI_BAUDRATEPRESCALER_4
SPI1.CalculateBaudRate=15.0 MBits/s
SPI1.Direction=SPI_DIRECTION_2LINES
SPI1.IPParameters=VirtualType,Mode,Direction,CalculateBaudRate,BaudRatePrescaler
SPI1.Mode=SPI_MODE_MASTER
SPI1.VirtualType=VM_MASTER
SPI2.BaudRatePrescaler=SPI_BAUDRATEPRESCALER_64
SPI2.CLKPhase=SPI_PHASE_2EDGE
SPI2.CLKPolarity=SPI_POLARITY_HIGH
SPI2.CalculateBaudRate=468.75 KBits/s
SPI2.Direction=SPI_DIRECTION_1LINE
SPI2.IPParameters=VirtualType,Mode,Direction,CalculateBaudRate,BaudRatePrescaler,CLKPolarity,CLKPhase
SPI2.Mode=SPI_MODE_MASTER
SPI2.VirtualType=VM_MASTER
TIM12.IPParameters=Prescaler,Period
TIM12.Period=201
TIM12.Prescaler=30001
TIM2.ClockDivision=TIM_CLOCKDIVISION_DIV4
TIM2.IPParameters=Period,ClockDivision,TIM_MasterSlaveMode,TIM_MasterOutputTrigger
TIM2.Period=1000
TIM2.TIM_MasterOutputTrigger=TIM_TRGO_UPDATE
TIM2.TIM_MasterSlaveMode=TIM_MASTERSLAVEMODE_DISABLE
TIM3.AutoReloadPreload=TIM_AUTORELOAD_PRELOAD_ENABLE
TIM3.ClockDivision=TIM_CLOCKDIVISION_DIV4
TIM3.IPParameters=Period,ClockDivision,AutoReloadPreload,TIM_MasterOutputTrigger
TIM3.Period=1000
TIM3.TIM_MasterOutputTrigger=TIM_TRGO_UPDATE
TIM5.IPParameters=Prescaler,Period
TIM5.Period=201
TIM5.Prescaler=30001
TIM6.IPParameters=Prescaler,Period
TIM6.Period=2001
TIM6.Prescaler=30001
TIM7.IPParameters=Prescaler,Period
TIM7.Period=72
TIM7.Prescaler=60
TIM8.AutoReloadPreload=TIM_AUTORELOAD_PRELOAD_ENABLE
TIM8.ClockDivision=TIM_CLOCKDIVISION_DIV4
TIM8.IPParameters=Period,ClockDivision,AutoReloadPreload,TIM_MasterSlaveMode,TIM_MasterOutputTrigger
TIM8.Period=1000
TIM8.TIM_MasterOutputTrigger=TIM_TRGO_UPDATE
TIM8.TIM_MasterSlaveMode=TIM_MASTERSLAVEMODE_DISABLE
USART2.IPParameters=VirtualMode
USART2.VirtualMode=VM_ASYNC
USART3.IPParameters=VirtualMode
USART3.VirtualMode=VM_ASYNC
USB_DEVICE.CLASS_NAME_FS=CUSTOM_HID
USB_DEVICE.CONFIGURATION_STRING_CUSTOMHID_FS=Energan
USB_DEVICE.INTERFACE_STRING_CUSTOMHID_FS=Energan IO Interface
USB_DEVICE.IPParameters=VirtualMode-CUSTOM_HID_FS,VirtualModeFS,CLASS_NAME_FS,MANUFACTURER_STRING-CUSTOM_HID_FS,PRODUCT_STRING_CUSTOMHID_FS,USBD_CUSTOMHID_OUTREPORT_BUF_SIZE-CUSTOM_HID_FS,USBD_CUSTOM_HID_REPORT_DESC_SIZE-CUSTOM_HID_FS,INTERFACE_STRING_CUSTOMHID_FS,CONFIGURATION_STRING_CUSTOMHID_FS,VID-CUSTOM_HID_FS,PID_CUSTOMHID_FS
USB_DEVICE.MANUFACTURER_STRING-CUSTOM_HID_FS=Energan
USB_DEVICE.PID_CUSTOMHID_FS=4285
USB_DEVICE.PRODUCT_STRING_CUSTOMHID_FS=Enrgan Diesel Generator Controller 
USB_DEVICE.USBD_CUSTOMHID_OUTREPORT_BUF_SIZE-CUSTOM_HID_FS=64
USB_DEVICE.USBD_CUSTOM_HID_REPORT_DESC_SIZE-CUSTOM_HID_FS=38
USB_DEVICE.VID-CUSTOM_HID_FS=5840
USB_DEVICE.VirtualMode-CUSTOM_HID_FS=CustomHid
USB_DEVICE.VirtualModeFS=Custom_Hid_FS
USB_OTG_FS.IPParameters=VirtualMode
USB_OTG_FS.VirtualMode=Device_Only
VP_FATFS_VS_SDIO.Mode=SDIO
VP_FATFS_VS_SDIO.Signal=FATFS_VS_SDIO
VP_FREERTOS_VS_CMSIS_V2.Mode=CMSIS_V2
VP_FREERTOS_VS_CMSIS_V2.Signal=FREERTOS_VS_CMSIS_V2
VP_IWDG_VS_IWDG.Mode=IWDG_Activate
VP_IWDG_VS_IWDG.Signal=IWDG_VS_IWDG
VP_LWIP_VS_Enabled.Mode=Enabled
VP_LWIP_VS_Enabled.Signal=LWIP_VS_Enabled
VP_SYS_VS_tim4.Mode=TIM4
VP_SYS_VS_tim4.Signal=SYS_VS_tim4
VP_TIM11_VS_ClockSourceINT.Mode=Enable_Timer
VP_TIM11_VS_ClockSourceINT.Signal=TIM11_VS_ClockSourceINT
VP_TIM12_VS_ClockSourceINT.Mode=Internal
VP_TIM12_VS_ClockSourceINT.Signal=TIM12_VS_ClockSourceINT
VP_TIM13_VS_ClockSourceINT.Mode=Enable_Timer
VP_TIM13_VS_ClockSourceINT.Signal=TIM13_VS_ClockSourceINT
VP_TIM2_VS_ClockSourceINT.Mode=Internal
VP_TIM2_VS_ClockSourceINT.Signal=TIM2_VS_ClockSourceINT
VP_TIM3_VS_ClockSourceINT.Mode=Internal
VP_TIM3_VS_ClockSourceINT.Signal=TIM3_VS_ClockSourceINT
VP_TIM5_VS_ClockSourceINT.Mode=Internal
VP_TIM5_VS_ClockSourceINT.Signal=TIM5_VS_ClockSourceINT
VP_TIM6_VS_ClockSourceINT.Mode=Enable_Timer
VP_TIM6_VS_ClockSourceINT.Signal=TIM6_VS_ClockSourceINT
VP_TIM7_VS_ClockSourceINT.Mode=Enable_Timer
VP_TIM7_VS_ClockSourceINT.Signal=TIM7_VS_ClockSourceINT
VP_TIM8_VS_ClockSourceINT.Mode=Internal
VP_TIM8_VS_ClockSourceINT.Signal=TIM8_VS_ClockSourceINT
VP_USB_DEVICE_VS_USB_DEVICE_CUSTOM_HID_FS.Mode=CUSTOM_HID_FS
VP_USB_DEVICE_VS_USB_DEVICE_CUSTOM_HID_FS.Signal=USB_DEVICE_VS_USB_DEVICE_CUSTOM_HID_FS
board=custom
isbadioc=false
